// !$*UTF8*$!
{
	archiveVersion = 1;
	classes = {
	};
	objectVersion = 56;
	objects = {

/* Begin PBXBuildFile section */
		3B0B35292A7A5A31003B2D8C /* SecretKey.plist in Resources */ = {isa = PBXBuildFile; fileRef = 3B0B35282A7A5A31003B2D8C /* SecretKey.plist */; };
		3B0F1EE42A7C0317009F3F2B /* UICheckBox1.swift in Sources */ = {isa = PBXBuildFile; fileRef = 3B0F1EE32A7C0317009F3F2B /* UICheckBox1.swift */; };
		3B15CD582A63E9590096871F /* SearchingViewController.swift in Sources */ = {isa = PBXBuildFile; fileRef = 3B15CD572A63E9590096871F /* SearchingViewController.swift */; };
		3B15CD5A2A63ECB80096871F /* FilteringViewController.swift in Sources */ = {isa = PBXBuildFile; fileRef = 3B15CD592A63ECB80096871F /* FilteringViewController.swift */; };
		3B15CD5D2A6439EA0096871F /* AgeCollectionViewCell.swift in Sources */ = {isa = PBXBuildFile; fileRef = 3B15CD5C2A6439EA0096871F /* AgeCollectionViewCell.swift */; };
		3B15CD5F2A643AD80096871F /* MeetingFiltering.swift in Sources */ = {isa = PBXBuildFile; fileRef = 3B15CD5E2A643AD80096871F /* MeetingFiltering.swift */; };
		3B15CD612A64437D0096871F /* InterestingTopicCollectionViewCell.swift in Sources */ = {isa = PBXBuildFile; fileRef = 3B15CD602A64437D0096871F /* InterestingTopicCollectionViewCell.swift */; };
		3B15CD662A644FF90096871F /* FilteringViewModel.swift in Sources */ = {isa = PBXBuildFile; fileRef = 3B15CD652A644FF90096871F /* FilteringViewModel.swift */; };
		3B181D1A2A56DCDF00B62DEB /* MeetingViewController.swift in Sources */ = {isa = PBXBuildFile; fileRef = 3B181D192A56DCDF00B62DEB /* MeetingViewController.swift */; };
		3B181D1E2A56E99300B62DEB /* MakeFriendUIView.swift in Sources */ = {isa = PBXBuildFile; fileRef = 3B181D1D2A56E99300B62DEB /* MakeFriendUIView.swift */; };
		3B181D202A56EADB00B62DEB /* MakeFreindUIButton.swift in Sources */ = {isa = PBXBuildFile; fileRef = 3B181D1F2A56EADB00B62DEB /* MakeFreindUIButton.swift */; };
		3B2670E62A5ECCF600EA4F45 /* TermsConditionsViewController.swift in Sources */ = {isa = PBXBuildFile; fileRef = 3B2670E52A5ECCF600EA4F45 /* TermsConditionsViewController.swift */; };
		3B4CAC982A7A4F3B00896DEB /* HomeMeetingDummy.swift in Sources */ = {isa = PBXBuildFile; fileRef = 3B4CAC972A7A4F3B00896DEB /* HomeMeetingDummy.swift */; };
		3B5402BD2A6E76C100D0AD21 /* ListViewController.swift in Sources */ = {isa = PBXBuildFile; fileRef = 3B5402BC2A6E76C100D0AD21 /* ListViewController.swift */; };
		3B5402C02A6E7E0900D0AD21 /* ListTableViewCell.swift in Sources */ = {isa = PBXBuildFile; fileRef = 3B5402BF2A6E7E0900D0AD21 /* ListTableViewCell.swift */; };
		3B5402C32A6EA61700D0AD21 /* ListViewModel.swift in Sources */ = {isa = PBXBuildFile; fileRef = 3B5402C22A6EA61700D0AD21 /* ListViewModel.swift */; };
		3B5402C52A6EA6A700D0AD21 /* MeetingList.swift in Sources */ = {isa = PBXBuildFile; fileRef = 3B5402C42A6EA6A700D0AD21 /* MeetingList.swift */; };
		3B5402C72A6EA99E00D0AD21 /* ListCellViewModel.swift in Sources */ = {isa = PBXBuildFile; fileRef = 3B5402C62A6EA99E00D0AD21 /* ListCellViewModel.swift */; };
		3B5402C92A6EAE1E00D0AD21 /* ProfileUIView.swift in Sources */ = {isa = PBXBuildFile; fileRef = 3B5402C82A6EAE1E00D0AD21 /* ProfileUIView.swift */; };
		3B57FFC72A73CB9E007DB482 /* Mantis in Frameworks */ = {isa = PBXBuildFile; productRef = 3B57FFC62A73CB9E007DB482 /* Mantis */; };
		3B57FFCD2A7408AE007DB482 /* DimmedViewController.swift in Sources */ = {isa = PBXBuildFile; fileRef = 3B57FFCC2A7408AE007DB482 /* DimmedViewController.swift */; };
		3B57FFCF2A7408D4007DB482 /* SchedulePopUpViewController.swift in Sources */ = {isa = PBXBuildFile; fileRef = 3B57FFCE2A7408D4007DB482 /* SchedulePopUpViewController.swift */; };
		3B57FFD12A740E54007DB482 /* SchedulePopUp.swift in Sources */ = {isa = PBXBuildFile; fileRef = 3B57FFD02A740E54007DB482 /* SchedulePopUp.swift */; };
		3B57FFD32A741972007DB482 /* SchedulePopUpViewModel.swift in Sources */ = {isa = PBXBuildFile; fileRef = 3B57FFD22A741972007DB482 /* SchedulePopUpViewModel.swift */; };
		3B57FFD52A741F61007DB482 /* ScheduleEventPopUp.swift in Sources */ = {isa = PBXBuildFile; fileRef = 3B57FFD42A741F61007DB482 /* ScheduleEventPopUp.swift */; };
		3B59B2812A75635100027809 /* DetailMeetingJoinPopUpViewController.swift in Sources */ = {isa = PBXBuildFile; fileRef = 3B59B2802A75635100027809 /* DetailMeetingJoinPopUpViewController.swift */; };
		3B59B2832A75653400027809 /* DetailMeetingJoinPopUp.swift in Sources */ = {isa = PBXBuildFile; fileRef = 3B59B2822A75653400027809 /* DetailMeetingJoinPopUp.swift */; };
		3B6C31252A7E17DC008FADA1 /* UserInfoSelfViewModel.swift in Sources */ = {isa = PBXBuildFile; fileRef = 3B6C31242A7E17DC008FADA1 /* UserInfoSelfViewModel.swift */; };
		3B6C31272A7E2106008FADA1 /* PersonalInterestsService.swift in Sources */ = {isa = PBXBuildFile; fileRef = 3B6C31262A7E2106008FADA1 /* PersonalInterestsService.swift */; };
		3B6C31292A7E2166008FADA1 /* User.swift in Sources */ = {isa = PBXBuildFile; fileRef = 3B6C31282A7E2166008FADA1 /* User.swift */; };
		3B6C312B2A7E2616008FADA1 /* EmailService.swift in Sources */ = {isa = PBXBuildFile; fileRef = 3B6C312A2A7E2616008FADA1 /* EmailService.swift */; };
		3B6C312D2A7E26E1008FADA1 /* SendEmail.swift in Sources */ = {isa = PBXBuildFile; fileRef = 3B6C312C2A7E26E1008FADA1 /* SendEmail.swift */; };
		3B6C312F2A7E36C4008FADA1 /* PersonalInterestsViewModel.swift in Sources */ = {isa = PBXBuildFile; fileRef = 3B6C312E2A7E36C4008FADA1 /* PersonalInterestsViewModel.swift */; };
		3B6C31312A7E5224008FADA1 /* ChooseUniversityViewController.swift in Sources */ = {isa = PBXBuildFile; fileRef = 3B6C31302A7E5224008FADA1 /* ChooseUniversityViewController.swift */; };
		3B8477352A6ACDBF007A6144 /* InterestSmallCollectionViewCell.swift in Sources */ = {isa = PBXBuildFile; fileRef = 3B8477342A6ACDBF007A6144 /* InterestSmallCollectionViewCell.swift */; };
		3B8477372A6AEC25007A6144 /* LifeStyle.swift in Sources */ = {isa = PBXBuildFile; fileRef = 3B8477362A6AEC25007A6144 /* LifeStyle.swift */; };
		3B8477392A6AEC32007A6144 /* Mbti.swift in Sources */ = {isa = PBXBuildFile; fileRef = 3B8477382A6AEC32007A6144 /* Mbti.swift */; };
		3B935D542A56D45C00FECE3A /* PasswordTextField.swift in Sources */ = {isa = PBXBuildFile; fileRef = 3B935D532A56D45C00FECE3A /* PasswordTextField.swift */; };
		3B935D562A56D4AA00FECE3A /* UICheckBox.swift in Sources */ = {isa = PBXBuildFile; fileRef = 3B935D552A56D4AA00FECE3A /* UICheckBox.swift */; };
		3B935D582A56F00200FECE3A /* SignUpViewController.swift in Sources */ = {isa = PBXBuildFile; fileRef = 3B935D572A56F00200FECE3A /* SignUpViewController.swift */; };
		3BA9FB8D2A7D307F0039B138 /* lifestyleCollectionViewCell.swift in Sources */ = {isa = PBXBuildFile; fileRef = 3BA9FB8C2A7D307F0039B138 /* lifestyleCollectionViewCell.swift */; };
		3BB408A42A6AA5A900FBA617 /* ScheduleViewController.swift in Sources */ = {isa = PBXBuildFile; fileRef = 3BB408A32A6AA5A900FBA617 /* ScheduleViewController.swift */; };
		3BB408A72A6AA5D900FBA617 /* FSCalendar in Frameworks */ = {isa = PBXBuildFile; productRef = 3BB408A62A6AA5D900FBA617 /* FSCalendar */; };
		3BB408A92A6AA68A00FBA617 /* ScheduleTableViewCell.swift in Sources */ = {isa = PBXBuildFile; fileRef = 3BB408A82A6AA68A00FBA617 /* ScheduleTableViewCell.swift */; };
		3BB408AC2A6AAC8800FBA617 /* ScheduleFSCalendarCell.swift in Sources */ = {isa = PBXBuildFile; fileRef = 3BB408AB2A6AAC8800FBA617 /* ScheduleFSCalendarCell.swift */; };
		3BB408AE2A6ABCF600FBA617 /* ScheduleEvent.swift in Sources */ = {isa = PBXBuildFile; fileRef = 3BB408AD2A6ABCF600FBA617 /* ScheduleEvent.swift */; };
		3BB408B12A6AC4CA00FBA617 /* ScheduleViewModel.swift in Sources */ = {isa = PBXBuildFile; fileRef = 3BB408B02A6AC4CA00FBA617 /* ScheduleViewModel.swift */; };
		3BB408B32A6ACD0A00FBA617 /* ScheduleFSCalendarCellViewModel.swift in Sources */ = {isa = PBXBuildFile; fileRef = 3BB408B22A6ACD0A00FBA617 /* ScheduleFSCalendarCellViewModel.swift */; };
		3BC35CE32A5C3C3200D73163 /* Tabman in Frameworks */ = {isa = PBXBuildFile; productRef = 3BC35CE22A5C3C3200D73163 /* Tabman */; };
		3BC35CE62A5C3C6E00D73163 /* DetailMeetingTabController.swift in Sources */ = {isa = PBXBuildFile; fileRef = 3BC35CE52A5C3C6E00D73163 /* DetailMeetingTabController.swift */; };
		3BC35CE82A5C3CA000D73163 /* DetailMeetingHomeController.swift in Sources */ = {isa = PBXBuildFile; fileRef = 3BC35CE72A5C3CA000D73163 /* DetailMeetingHomeController.swift */; };
		3BC35CEA2A5C3CBA00D73163 /* DetailMeetingChatController.swift in Sources */ = {isa = PBXBuildFile; fileRef = 3BC35CE92A5C3CBA00D73163 /* DetailMeetingChatController.swift */; };
		3BC35CED2A5C565800D73163 /* InterestingCollectionViewCell.swift in Sources */ = {isa = PBXBuildFile; fileRef = 3BC35CEC2A5C565800D73163 /* InterestingCollectionViewCell.swift */; };
		3BC35CEF2A5C6C1B00D73163 /* UILabel+Ext.swift in Sources */ = {isa = PBXBuildFile; fileRef = 3BC35CEE2A5C6C1B00D73163 /* UILabel+Ext.swift */; };
		3BC35CF12A5C6CBD00D73163 /* RuleCollectionViewCell.swift in Sources */ = {isa = PBXBuildFile; fileRef = 3BC35CF02A5C6CBD00D73163 /* RuleCollectionViewCell.swift */; };
		3BC35CF32A5D7E2500D73163 /* JoinMemberCollectionViewCell.swift in Sources */ = {isa = PBXBuildFile; fileRef = 3BC35CF22A5D7E2500D73163 /* JoinMemberCollectionViewCell.swift */; };
		3BC35CF52A5DAE0C00D73163 /* CollectionViewLeftAlignFlowLayout.swift in Sources */ = {isa = PBXBuildFile; fileRef = 3BC35CF42A5DAE0C00D73163 /* CollectionViewLeftAlignFlowLayout.swift */; };
		3BC7D35A2A7D244F00D92356 /* SignUpViewModel.swift in Sources */ = {isa = PBXBuildFile; fileRef = 3BC7D3592A7D244F00D92356 /* SignUpViewModel.swift */; };
		3BC7D35D2A7D263C00D92356 /* SignUpService.swift in Sources */ = {isa = PBXBuildFile; fileRef = 3BC7D35C2A7D263C00D92356 /* SignUpService.swift */; };
		3BC7D35F2A7D27E000D92356 /* SignUp.swift in Sources */ = {isa = PBXBuildFile; fileRef = 3BC7D35E2A7D27E000D92356 /* SignUp.swift */; };
		3BC7D3612A7D4D6300D92356 /* SetNicknameViewModel.swift in Sources */ = {isa = PBXBuildFile; fileRef = 3BC7D3602A7D4D6300D92356 /* SetNicknameViewModel.swift */; };
		3BC7D3632A7D4ED300D92356 /* NickNameService.swift in Sources */ = {isa = PBXBuildFile; fileRef = 3BC7D3622A7D4ED300D92356 /* NickNameService.swift */; };
		3BC7D3652A7D4F7500D92356 /* NickName.swift in Sources */ = {isa = PBXBuildFile; fileRef = 3BC7D3642A7D4F7400D92356 /* NickName.swift */; };
		3BD68EF52A7795D5003A57A7 /* SignInViewModel.swift in Sources */ = {isa = PBXBuildFile; fileRef = 3BD68EF42A7795D5003A57A7 /* SignInViewModel.swift */; };
		3BD68EF72A779741003A57A7 /* SignIn.swift in Sources */ = {isa = PBXBuildFile; fileRef = 3BD68EF62A779741003A57A7 /* SignIn.swift */; };
		3BD68EFB2A779885003A57A7 /* SignInService.swift in Sources */ = {isa = PBXBuildFile; fileRef = 3BD68EFA2A779885003A57A7 /* SignInService.swift */; };
		3BD700C22A793371005C7D7E /* ChooseUserTableViewCell.swift in Sources */ = {isa = PBXBuildFile; fileRef = 3BD700C12A793371005C7D7E /* ChooseUserTableViewCell.swift */; };
		3BD700C52A793565005C7D7E /* ChoiceBornCountryView.swift in Sources */ = {isa = PBXBuildFile; fileRef = 3BD700C42A793565005C7D7E /* ChoiceBornCountryView.swift */; };
		3BD700C82A79364B005C7D7E /* ChoiceCountryViewModel.swift in Sources */ = {isa = PBXBuildFile; fileRef = 3BD700C72A79364B005C7D7E /* ChoiceCountryViewModel.swift */; };
		3BD700CB2A793AA0005C7D7E /* UserInfo.swift in Sources */ = {isa = PBXBuildFile; fileRef = 3BD700CA2A793AA0005C7D7E /* UserInfo.swift */; };
		3BD700CD2A796149005C7D7E /* UserInfoViewModel.swift in Sources */ = {isa = PBXBuildFile; fileRef = 3BD700CC2A796149005C7D7E /* UserInfoViewModel.swift */; };
		3BD700CF2A7962F0005C7D7E /* ChoiceInterestingCountryView.swift in Sources */ = {isa = PBXBuildFile; fileRef = 3BD700CE2A7962F0005C7D7E /* ChoiceInterestingCountryView.swift */; };
		3BD700D12A796312005C7D7E /* ChoiceInterestingCountryViewModel.swift in Sources */ = {isa = PBXBuildFile; fileRef = 3BD700D02A796312005C7D7E /* ChoiceInterestingCountryViewModel.swift */; };
		3BD700D32A7963DD005C7D7E /* ChoiceInterestingLanguageView.swift in Sources */ = {isa = PBXBuildFile; fileRef = 3BD700D22A7963DD005C7D7E /* ChoiceInterestingLanguageView.swift */; };
		3BD700D52A796403005C7D7E /* ChoiceInterestingLanguageViewModel.swift in Sources */ = {isa = PBXBuildFile; fileRef = 3BD700D42A796403005C7D7E /* ChoiceInterestingLanguageViewModel.swift */; };
		3BDB84C12A6AAC7400CE8045 /* PersonalInterestsViewController.swift in Sources */ = {isa = PBXBuildFile; fileRef = 3BDB84C02A6AAC7400CE8045 /* PersonalInterestsViewController.swift */; };
		3BEEE7D12A7658C0007092DF /* MeetingCreatePopUpViewController.swift in Sources */ = {isa = PBXBuildFile; fileRef = 3BEEE7D02A7658C0007092DF /* MeetingCreatePopUpViewController.swift */; };
		3BEEE7D32A7659C4007092DF /* MeetingCreatePopUp.swift in Sources */ = {isa = PBXBuildFile; fileRef = 3BEEE7D22A7659C4007092DF /* MeetingCreatePopUp.swift */; };
		443044BD2A67B434008A4087 /* UserInfoSelfViewController.swift in Sources */ = {isa = PBXBuildFile; fileRef = 443044BC2A67B434008A4087 /* UserInfoSelfViewController.swift */; };
		44F82A112A56D5D4006B17F8 /* UIColor+Ext.swift in Sources */ = {isa = PBXBuildFile; fileRef = 44F82A102A56D5D4006B17F8 /* UIColor+Ext.swift */; };
		44F82A172A5C05A7006B17F8 /* UserInfoViewController.swift in Sources */ = {isa = PBXBuildFile; fileRef = 44F82A162A5C05A7006B17F8 /* UserInfoViewController.swift */; };
		570063602A63D5120051F42A /* PersonnelStepper.swift in Sources */ = {isa = PBXBuildFile; fileRef = 5700635F2A63D5120051F42A /* PersonnelStepper.swift */; };
		5700636B2A643CDA0051F42A /* DropDownTableViewCell.swift in Sources */ = {isa = PBXBuildFile; fileRef = 5700636A2A643CDA0051F42A /* DropDownTableViewCell.swift */; };
		570063932A67B23A0051F42A /* RuleListViewController.swift in Sources */ = {isa = PBXBuildFile; fileRef = 570063922A67B23A0051F42A /* RuleListViewController.swift */; };
		570063952A67BA000051F42A /* Rule.swift in Sources */ = {isa = PBXBuildFile; fileRef = 570063942A67BA000051F42A /* Rule.swift */; };
		570063972A67BA580051F42A /* LeftAlignedCollectionViewFlowLayout.swift in Sources */ = {isa = PBXBuildFile; fileRef = 570063962A67BA580051F42A /* LeftAlignedCollectionViewFlowLayout.swift */; };
		570063992A6AB8520051F42A /* NotiMessageViewController.swift in Sources */ = {isa = PBXBuildFile; fileRef = 570063982A6AB8520051F42A /* NotiMessageViewController.swift */; };
		5700639D2A6AC60C0051F42A /* NotiListTableViewCell.swift in Sources */ = {isa = PBXBuildFile; fileRef = 5700639C2A6AC60C0051F42A /* NotiListTableViewCell.swift */; };
		570063AB2A724CB40051F42A /* UIViewController+Ext.swift in Sources */ = {isa = PBXBuildFile; fileRef = 570063AA2A724CB40051F42A /* UIViewController+Ext.swift */; };
		570063AD2A7258530051F42A /* DesignColor.swift in Sources */ = {isa = PBXBuildFile; fileRef = 570063AC2A7258530051F42A /* DesignColor.swift */; };
		570063BB2A7630E60051F42A /* MenuButton.swift in Sources */ = {isa = PBXBuildFile; fileRef = 570063BA2A7630E60051F42A /* MenuButton.swift */; };
		570063BD2A7797B50051F42A /* PickerViewController.swift in Sources */ = {isa = PBXBuildFile; fileRef = 570063BC2A7797B50051F42A /* PickerViewController.swift */; };
		570063BF2A779D440051F42A /* MenuButtonDelegate.swift in Sources */ = {isa = PBXBuildFile; fileRef = 570063BE2A779D440051F42A /* MenuButtonDelegate.swift */; };
		570063C12A779FED0051F42A /* AgeGroup.swift in Sources */ = {isa = PBXBuildFile; fileRef = 570063C02A779FED0051F42A /* AgeGroup.swift */; };
		570063C32A77A01D0051F42A /* Language.swift in Sources */ = {isa = PBXBuildFile; fileRef = 570063C22A77A01D0051F42A /* Language.swift */; };
		570063C82A77B2B50051F42A /* SendDataDelegate.swift in Sources */ = {isa = PBXBuildFile; fileRef = 570063C72A77B2B50051F42A /* SendDataDelegate.swift */; };
		570063CA2A792BB80051F42A /* ProfileSettingViewController.swift in Sources */ = {isa = PBXBuildFile; fileRef = 570063C92A792BB80051F42A /* ProfileSettingViewController.swift */; };
		570063CF2A7A44BC0051F42A /* Bundle+Ext.swift in Sources */ = {isa = PBXBuildFile; fileRef = 570063CE2A7A44BC0051F42A /* Bundle+Ext.swift */; };
		572A9A222A5AADBD004D2809 /* UIImage+Ext.swift in Sources */ = {isa = PBXBuildFile; fileRef = 572A9A212A5AADBD004D2809 /* UIImage+Ext.swift */; };
		572A9A242A5AAE24004D2809 /* CALayer+Ext.swift in Sources */ = {isa = PBXBuildFile; fileRef = 572A9A232A5AAE24004D2809 /* CALayer+Ext.swift */; };
		572A9A262A5AAE3A004D2809 /* UITabBar+Ext.swift in Sources */ = {isa = PBXBuildFile; fileRef = 572A9A252A5AAE3A004D2809 /* UITabBar+Ext.swift */; };
		572A9A292A5C09EA004D2809 /* SetMeetingNameViewController.swift in Sources */ = {isa = PBXBuildFile; fileRef = 572A9A282A5C09EA004D2809 /* SetMeetingNameViewController.swift */; };
		572A9A302A5C267D004D2809 /* UITextField+Ext.swift in Sources */ = {isa = PBXBuildFile; fileRef = 572A9A2F2A5C267D004D2809 /* UITextField+Ext.swift */; };
		572A9A322A5CB445004D2809 /* SetInterestViewController.swift in Sources */ = {isa = PBXBuildFile; fileRef = 572A9A312A5CB445004D2809 /* SetInterestViewController.swift */; };
		572A9A352A5CC21C004D2809 /* SetDescriptViewController.swift in Sources */ = {isa = PBXBuildFile; fileRef = 572A9A342A5CC21C004D2809 /* SetDescriptViewController.swift */; };
		572A9A372A5CE7D4004D2809 /* SetDetailInfoViewController.swift in Sources */ = {isa = PBXBuildFile; fileRef = 572A9A362A5CE7D4004D2809 /* SetDetailInfoViewController.swift */; };
		572A9A3A2A5E80D1004D2809 /* Member.swift in Sources */ = {isa = PBXBuildFile; fileRef = 572A9A392A5E80D1004D2809 /* Member.swift */; };
		572DC22F2A51BF2400C0D6E1 /* AppDelegate.swift in Sources */ = {isa = PBXBuildFile; fileRef = 572DC22E2A51BF2400C0D6E1 /* AppDelegate.swift */; };
		572DC2312A51BF2400C0D6E1 /* SceneDelegate.swift in Sources */ = {isa = PBXBuildFile; fileRef = 572DC2302A51BF2400C0D6E1 /* SceneDelegate.swift */; };
		572DC2332A51BF2400C0D6E1 /* SignInViewController.swift in Sources */ = {isa = PBXBuildFile; fileRef = 572DC2322A51BF2400C0D6E1 /* SignInViewController.swift */; };
		572DC2382A51BF2500C0D6E1 /* Assets.xcassets in Resources */ = {isa = PBXBuildFile; fileRef = 572DC2372A51BF2500C0D6E1 /* Assets.xcassets */; };
		572DC23B2A51BF2500C0D6E1 /* LaunchScreen.storyboard in Resources */ = {isa = PBXBuildFile; fileRef = 572DC2392A51BF2500C0D6E1 /* LaunchScreen.storyboard */; };
		572DC2462A51C40F00C0D6E1 /* SnapKit in Frameworks */ = {isa = PBXBuildFile; productRef = 572DC2452A51C40F00C0D6E1 /* SnapKit */; };
		572DC2492A51C42A00C0D6E1 /* Alamofire in Frameworks */ = {isa = PBXBuildFile; productRef = 572DC2482A51C42A00C0D6E1 /* Alamofire */; };
		572DC24C2A51C4FB00C0D6E1 /* RxCocoa in Frameworks */ = {isa = PBXBuildFile; productRef = 572DC24B2A51C4FB00C0D6E1 /* RxCocoa */; };
		572DC24E2A51C4FB00C0D6E1 /* RxSwift in Frameworks */ = {isa = PBXBuildFile; productRef = 572DC24D2A51C4FB00C0D6E1 /* RxSwift */; };
		572DC2502A51C5F300C0D6E1 /* TabBarController.swift in Sources */ = {isa = PBXBuildFile; fileRef = 572DC24F2A51C5F300C0D6E1 /* TabBarController.swift */; };
		572DC2532A51C64400C0D6E1 /* HomeViewController.swift in Sources */ = {isa = PBXBuildFile; fileRef = 572DC2522A51C64400C0D6E1 /* HomeViewController.swift */; };
		572DC2562A51C9BD00C0D6E1 /* SetNicknameViewController.swift in Sources */ = {isa = PBXBuildFile; fileRef = 572DC2552A51C9BD00C0D6E1 /* SetNicknameViewController.swift */; };
		57673ED42A5579E000A13D07 /* BannerCollectionViewCell.swift in Sources */ = {isa = PBXBuildFile; fileRef = 57673ED32A5579E000A13D07 /* BannerCollectionViewCell.swift */; };
		57673EDC2A56E9D200A13D07 /* Interest.swift in Sources */ = {isa = PBXBuildFile; fileRef = 57673EDB2A56E9D200A13D07 /* Interest.swift */; };
		57673EDE2A56EBE100A13D07 /* InterestCollectionViewCell.swift in Sources */ = {isa = PBXBuildFile; fileRef = 57673EDD2A56EBE100A13D07 /* InterestCollectionViewCell.swift */; };
		57673EE22A58314100A13D07 /* MeetingCollectionViewCell.swift in Sources */ = {isa = PBXBuildFile; fileRef = 57673EE12A58314100A13D07 /* MeetingCollectionViewCell.swift */; };
		57673EE42A58360B00A13D07 /* TagCollectionViewCell.swift in Sources */ = {isa = PBXBuildFile; fileRef = 57673EE32A58360B00A13D07 /* TagCollectionViewCell.swift */; };
/* End PBXBuildFile section */

/* Begin PBXFileReference section */
		3B0B35282A7A5A31003B2D8C /* SecretKey.plist */ = {isa = PBXFileReference; lastKnownFileType = text.plist.xml; path = SecretKey.plist; sourceTree = "<group>"; };
		3B0F1EE32A7C0317009F3F2B /* UICheckBox1.swift */ = {isa = PBXFileReference; lastKnownFileType = sourcecode.swift; path = UICheckBox1.swift; sourceTree = "<group>"; };
		3B15CD572A63E9590096871F /* SearchingViewController.swift */ = {isa = PBXFileReference; lastKnownFileType = sourcecode.swift; path = SearchingViewController.swift; sourceTree = "<group>"; };
		3B15CD592A63ECB80096871F /* FilteringViewController.swift */ = {isa = PBXFileReference; lastKnownFileType = sourcecode.swift; path = FilteringViewController.swift; sourceTree = "<group>"; };
		3B15CD5C2A6439EA0096871F /* AgeCollectionViewCell.swift */ = {isa = PBXFileReference; lastKnownFileType = sourcecode.swift; path = AgeCollectionViewCell.swift; sourceTree = "<group>"; };
		3B15CD5E2A643AD80096871F /* MeetingFiltering.swift */ = {isa = PBXFileReference; lastKnownFileType = sourcecode.swift; path = MeetingFiltering.swift; sourceTree = "<group>"; };
		3B15CD602A64437D0096871F /* InterestingTopicCollectionViewCell.swift */ = {isa = PBXFileReference; lastKnownFileType = sourcecode.swift; path = InterestingTopicCollectionViewCell.swift; sourceTree = "<group>"; };
		3B15CD652A644FF90096871F /* FilteringViewModel.swift */ = {isa = PBXFileReference; lastKnownFileType = sourcecode.swift; path = FilteringViewModel.swift; sourceTree = "<group>"; };
		3B181D192A56DCDF00B62DEB /* MeetingViewController.swift */ = {isa = PBXFileReference; lastKnownFileType = sourcecode.swift; path = MeetingViewController.swift; sourceTree = "<group>"; };
		3B181D1D2A56E99300B62DEB /* MakeFriendUIView.swift */ = {isa = PBXFileReference; lastKnownFileType = sourcecode.swift; path = MakeFriendUIView.swift; sourceTree = "<group>"; };
		3B181D1F2A56EADB00B62DEB /* MakeFreindUIButton.swift */ = {isa = PBXFileReference; lastKnownFileType = sourcecode.swift; path = MakeFreindUIButton.swift; sourceTree = "<group>"; };
		3B2670E52A5ECCF600EA4F45 /* TermsConditionsViewController.swift */ = {isa = PBXFileReference; lastKnownFileType = sourcecode.swift; path = TermsConditionsViewController.swift; sourceTree = "<group>"; };
		3B4CAC972A7A4F3B00896DEB /* HomeMeetingDummy.swift */ = {isa = PBXFileReference; lastKnownFileType = sourcecode.swift; path = HomeMeetingDummy.swift; sourceTree = "<group>"; };
		3B5402BC2A6E76C100D0AD21 /* ListViewController.swift */ = {isa = PBXFileReference; lastKnownFileType = sourcecode.swift; path = ListViewController.swift; sourceTree = "<group>"; };
		3B5402BF2A6E7E0900D0AD21 /* ListTableViewCell.swift */ = {isa = PBXFileReference; lastKnownFileType = sourcecode.swift; path = ListTableViewCell.swift; sourceTree = "<group>"; };
		3B5402C22A6EA61700D0AD21 /* ListViewModel.swift */ = {isa = PBXFileReference; lastKnownFileType = sourcecode.swift; path = ListViewModel.swift; sourceTree = "<group>"; };
		3B5402C42A6EA6A700D0AD21 /* MeetingList.swift */ = {isa = PBXFileReference; lastKnownFileType = sourcecode.swift; path = MeetingList.swift; sourceTree = "<group>"; };
		3B5402C62A6EA99E00D0AD21 /* ListCellViewModel.swift */ = {isa = PBXFileReference; lastKnownFileType = sourcecode.swift; path = ListCellViewModel.swift; sourceTree = "<group>"; };
		3B5402C82A6EAE1E00D0AD21 /* ProfileUIView.swift */ = {isa = PBXFileReference; lastKnownFileType = sourcecode.swift; path = ProfileUIView.swift; sourceTree = "<group>"; };
		3B57FFCC2A7408AE007DB482 /* DimmedViewController.swift */ = {isa = PBXFileReference; lastKnownFileType = sourcecode.swift; path = DimmedViewController.swift; sourceTree = "<group>"; };
		3B57FFCE2A7408D4007DB482 /* SchedulePopUpViewController.swift */ = {isa = PBXFileReference; lastKnownFileType = sourcecode.swift; path = SchedulePopUpViewController.swift; sourceTree = "<group>"; };
		3B57FFD02A740E54007DB482 /* SchedulePopUp.swift */ = {isa = PBXFileReference; lastKnownFileType = sourcecode.swift; path = SchedulePopUp.swift; sourceTree = "<group>"; };
		3B57FFD22A741972007DB482 /* SchedulePopUpViewModel.swift */ = {isa = PBXFileReference; lastKnownFileType = sourcecode.swift; path = SchedulePopUpViewModel.swift; sourceTree = "<group>"; };
		3B57FFD42A741F61007DB482 /* ScheduleEventPopUp.swift */ = {isa = PBXFileReference; lastKnownFileType = sourcecode.swift; path = ScheduleEventPopUp.swift; sourceTree = "<group>"; };
		3B59B2802A75635100027809 /* DetailMeetingJoinPopUpViewController.swift */ = {isa = PBXFileReference; lastKnownFileType = sourcecode.swift; path = DetailMeetingJoinPopUpViewController.swift; sourceTree = "<group>"; };
		3B59B2822A75653400027809 /* DetailMeetingJoinPopUp.swift */ = {isa = PBXFileReference; lastKnownFileType = sourcecode.swift; path = DetailMeetingJoinPopUp.swift; sourceTree = "<group>"; };
		3B6C31242A7E17DC008FADA1 /* UserInfoSelfViewModel.swift */ = {isa = PBXFileReference; lastKnownFileType = sourcecode.swift; path = UserInfoSelfViewModel.swift; sourceTree = "<group>"; };
		3B6C31262A7E2106008FADA1 /* PersonalInterestsService.swift */ = {isa = PBXFileReference; lastKnownFileType = sourcecode.swift; path = PersonalInterestsService.swift; sourceTree = "<group>"; };
		3B6C31282A7E2166008FADA1 /* User.swift */ = {isa = PBXFileReference; lastKnownFileType = sourcecode.swift; path = User.swift; sourceTree = "<group>"; };
		3B6C312A2A7E2616008FADA1 /* EmailService.swift */ = {isa = PBXFileReference; lastKnownFileType = sourcecode.swift; path = EmailService.swift; sourceTree = "<group>"; };
		3B6C312C2A7E26E1008FADA1 /* SendEmail.swift */ = {isa = PBXFileReference; lastKnownFileType = sourcecode.swift; path = SendEmail.swift; sourceTree = "<group>"; };
		3B6C312E2A7E36C4008FADA1 /* PersonalInterestsViewModel.swift */ = {isa = PBXFileReference; lastKnownFileType = sourcecode.swift; path = PersonalInterestsViewModel.swift; sourceTree = "<group>"; };
		3B6C31302A7E5224008FADA1 /* ChooseUniversityViewController.swift */ = {isa = PBXFileReference; lastKnownFileType = sourcecode.swift; path = ChooseUniversityViewController.swift; sourceTree = "<group>"; };
		3B8477342A6ACDBF007A6144 /* InterestSmallCollectionViewCell.swift */ = {isa = PBXFileReference; lastKnownFileType = sourcecode.swift; path = InterestSmallCollectionViewCell.swift; sourceTree = "<group>"; };
		3B8477362A6AEC25007A6144 /* LifeStyle.swift */ = {isa = PBXFileReference; lastKnownFileType = sourcecode.swift; path = LifeStyle.swift; sourceTree = "<group>"; };
		3B8477382A6AEC32007A6144 /* Mbti.swift */ = {isa = PBXFileReference; lastKnownFileType = sourcecode.swift; path = Mbti.swift; sourceTree = "<group>"; };
		3B935D532A56D45C00FECE3A /* PasswordTextField.swift */ = {isa = PBXFileReference; lastKnownFileType = sourcecode.swift; path = PasswordTextField.swift; sourceTree = "<group>"; };
		3B935D552A56D4AA00FECE3A /* UICheckBox.swift */ = {isa = PBXFileReference; lastKnownFileType = sourcecode.swift; path = UICheckBox.swift; sourceTree = "<group>"; };
		3B935D572A56F00200FECE3A /* SignUpViewController.swift */ = {isa = PBXFileReference; lastKnownFileType = sourcecode.swift; path = SignUpViewController.swift; sourceTree = "<group>"; };
		3BA9FB8C2A7D307F0039B138 /* lifestyleCollectionViewCell.swift */ = {isa = PBXFileReference; lastKnownFileType = sourcecode.swift; path = lifestyleCollectionViewCell.swift; sourceTree = "<group>"; };
		3BB408A32A6AA5A900FBA617 /* ScheduleViewController.swift */ = {isa = PBXFileReference; lastKnownFileType = sourcecode.swift; path = ScheduleViewController.swift; sourceTree = "<group>"; };
		3BB408A82A6AA68A00FBA617 /* ScheduleTableViewCell.swift */ = {isa = PBXFileReference; lastKnownFileType = sourcecode.swift; path = ScheduleTableViewCell.swift; sourceTree = "<group>"; };
		3BB408AB2A6AAC8800FBA617 /* ScheduleFSCalendarCell.swift */ = {isa = PBXFileReference; lastKnownFileType = sourcecode.swift; path = ScheduleFSCalendarCell.swift; sourceTree = "<group>"; };
		3BB408AD2A6ABCF600FBA617 /* ScheduleEvent.swift */ = {isa = PBXFileReference; lastKnownFileType = sourcecode.swift; path = ScheduleEvent.swift; sourceTree = "<group>"; };
		3BB408B02A6AC4CA00FBA617 /* ScheduleViewModel.swift */ = {isa = PBXFileReference; lastKnownFileType = sourcecode.swift; path = ScheduleViewModel.swift; sourceTree = "<group>"; };
		3BB408B22A6ACD0A00FBA617 /* ScheduleFSCalendarCellViewModel.swift */ = {isa = PBXFileReference; lastKnownFileType = sourcecode.swift; path = ScheduleFSCalendarCellViewModel.swift; sourceTree = "<group>"; };
		3BC35CE52A5C3C6E00D73163 /* DetailMeetingTabController.swift */ = {isa = PBXFileReference; lastKnownFileType = sourcecode.swift; path = DetailMeetingTabController.swift; sourceTree = "<group>"; };
		3BC35CE72A5C3CA000D73163 /* DetailMeetingHomeController.swift */ = {isa = PBXFileReference; lastKnownFileType = sourcecode.swift; path = DetailMeetingHomeController.swift; sourceTree = "<group>"; };
		3BC35CE92A5C3CBA00D73163 /* DetailMeetingChatController.swift */ = {isa = PBXFileReference; lastKnownFileType = sourcecode.swift; path = DetailMeetingChatController.swift; sourceTree = "<group>"; };
		3BC35CEC2A5C565800D73163 /* InterestingCollectionViewCell.swift */ = {isa = PBXFileReference; lastKnownFileType = sourcecode.swift; path = InterestingCollectionViewCell.swift; sourceTree = "<group>"; };
		3BC35CEE2A5C6C1B00D73163 /* UILabel+Ext.swift */ = {isa = PBXFileReference; lastKnownFileType = sourcecode.swift; path = "UILabel+Ext.swift"; sourceTree = "<group>"; };
		3BC35CF02A5C6CBD00D73163 /* RuleCollectionViewCell.swift */ = {isa = PBXFileReference; lastKnownFileType = sourcecode.swift; path = RuleCollectionViewCell.swift; sourceTree = "<group>"; };
		3BC35CF22A5D7E2500D73163 /* JoinMemberCollectionViewCell.swift */ = {isa = PBXFileReference; lastKnownFileType = sourcecode.swift; path = JoinMemberCollectionViewCell.swift; sourceTree = "<group>"; };
		3BC35CF42A5DAE0C00D73163 /* CollectionViewLeftAlignFlowLayout.swift */ = {isa = PBXFileReference; lastKnownFileType = sourcecode.swift; path = CollectionViewLeftAlignFlowLayout.swift; sourceTree = "<group>"; };
		3BC7D3592A7D244F00D92356 /* SignUpViewModel.swift */ = {isa = PBXFileReference; lastKnownFileType = sourcecode.swift; path = SignUpViewModel.swift; sourceTree = "<group>"; };
		3BC7D35C2A7D263C00D92356 /* SignUpService.swift */ = {isa = PBXFileReference; lastKnownFileType = sourcecode.swift; path = SignUpService.swift; sourceTree = "<group>"; };
		3BC7D35E2A7D27E000D92356 /* SignUp.swift */ = {isa = PBXFileReference; lastKnownFileType = sourcecode.swift; path = SignUp.swift; sourceTree = "<group>"; };
		3BC7D3602A7D4D6300D92356 /* SetNicknameViewModel.swift */ = {isa = PBXFileReference; lastKnownFileType = sourcecode.swift; path = SetNicknameViewModel.swift; sourceTree = "<group>"; };
		3BC7D3622A7D4ED300D92356 /* NickNameService.swift */ = {isa = PBXFileReference; lastKnownFileType = sourcecode.swift; path = NickNameService.swift; sourceTree = "<group>"; };
		3BC7D3642A7D4F7400D92356 /* NickName.swift */ = {isa = PBXFileReference; lastKnownFileType = sourcecode.swift; path = NickName.swift; sourceTree = "<group>"; };
		3BD68EF42A7795D5003A57A7 /* SignInViewModel.swift */ = {isa = PBXFileReference; lastKnownFileType = sourcecode.swift; path = SignInViewModel.swift; sourceTree = "<group>"; };
		3BD68EF62A779741003A57A7 /* SignIn.swift */ = {isa = PBXFileReference; lastKnownFileType = sourcecode.swift; path = SignIn.swift; sourceTree = "<group>"; };
		3BD68EFA2A779885003A57A7 /* SignInService.swift */ = {isa = PBXFileReference; lastKnownFileType = sourcecode.swift; path = SignInService.swift; sourceTree = "<group>"; };
		3BD700C12A793371005C7D7E /* ChooseUserTableViewCell.swift */ = {isa = PBXFileReference; lastKnownFileType = sourcecode.swift; path = ChooseUserTableViewCell.swift; sourceTree = "<group>"; };
		3BD700C42A793565005C7D7E /* ChoiceBornCountryView.swift */ = {isa = PBXFileReference; lastKnownFileType = sourcecode.swift; path = ChoiceBornCountryView.swift; sourceTree = "<group>"; };
		3BD700C72A79364B005C7D7E /* ChoiceCountryViewModel.swift */ = {isa = PBXFileReference; lastKnownFileType = sourcecode.swift; path = ChoiceCountryViewModel.swift; sourceTree = "<group>"; };
		3BD700CA2A793AA0005C7D7E /* UserInfo.swift */ = {isa = PBXFileReference; lastKnownFileType = sourcecode.swift; path = UserInfo.swift; sourceTree = "<group>"; };
		3BD700CC2A796149005C7D7E /* UserInfoViewModel.swift */ = {isa = PBXFileReference; lastKnownFileType = sourcecode.swift; path = UserInfoViewModel.swift; sourceTree = "<group>"; };
		3BD700CE2A7962F0005C7D7E /* ChoiceInterestingCountryView.swift */ = {isa = PBXFileReference; lastKnownFileType = sourcecode.swift; path = ChoiceInterestingCountryView.swift; sourceTree = "<group>"; };
		3BD700D02A796312005C7D7E /* ChoiceInterestingCountryViewModel.swift */ = {isa = PBXFileReference; lastKnownFileType = sourcecode.swift; path = ChoiceInterestingCountryViewModel.swift; sourceTree = "<group>"; };
		3BD700D22A7963DD005C7D7E /* ChoiceInterestingLanguageView.swift */ = {isa = PBXFileReference; lastKnownFileType = sourcecode.swift; path = ChoiceInterestingLanguageView.swift; sourceTree = "<group>"; };
		3BD700D42A796403005C7D7E /* ChoiceInterestingLanguageViewModel.swift */ = {isa = PBXFileReference; lastKnownFileType = sourcecode.swift; path = ChoiceInterestingLanguageViewModel.swift; sourceTree = "<group>"; };
		3BDB84C02A6AAC7400CE8045 /* PersonalInterestsViewController.swift */ = {isa = PBXFileReference; lastKnownFileType = sourcecode.swift; path = PersonalInterestsViewController.swift; sourceTree = "<group>"; };
		3BEEE7D02A7658C0007092DF /* MeetingCreatePopUpViewController.swift */ = {isa = PBXFileReference; lastKnownFileType = sourcecode.swift; path = MeetingCreatePopUpViewController.swift; sourceTree = "<group>"; };
		3BEEE7D22A7659C4007092DF /* MeetingCreatePopUp.swift */ = {isa = PBXFileReference; lastKnownFileType = sourcecode.swift; path = MeetingCreatePopUp.swift; sourceTree = "<group>"; };
		443044BC2A67B434008A4087 /* UserInfoSelfViewController.swift */ = {isa = PBXFileReference; lastKnownFileType = sourcecode.swift; path = UserInfoSelfViewController.swift; sourceTree = "<group>"; };
		44F82A102A56D5D4006B17F8 /* UIColor+Ext.swift */ = {isa = PBXFileReference; lastKnownFileType = sourcecode.swift; path = "UIColor+Ext.swift"; sourceTree = "<group>"; };
		44F82A162A5C05A7006B17F8 /* UserInfoViewController.swift */ = {isa = PBXFileReference; lastKnownFileType = sourcecode.swift; path = UserInfoViewController.swift; sourceTree = "<group>"; };
		5700635F2A63D5120051F42A /* PersonnelStepper.swift */ = {isa = PBXFileReference; lastKnownFileType = sourcecode.swift; path = PersonnelStepper.swift; sourceTree = "<group>"; };
		5700636A2A643CDA0051F42A /* DropDownTableViewCell.swift */ = {isa = PBXFileReference; lastKnownFileType = sourcecode.swift; path = DropDownTableViewCell.swift; sourceTree = "<group>"; };
		570063922A67B23A0051F42A /* RuleListViewController.swift */ = {isa = PBXFileReference; lastKnownFileType = sourcecode.swift; path = RuleListViewController.swift; sourceTree = "<group>"; };
		570063942A67BA000051F42A /* Rule.swift */ = {isa = PBXFileReference; lastKnownFileType = sourcecode.swift; path = Rule.swift; sourceTree = "<group>"; };
		570063962A67BA580051F42A /* LeftAlignedCollectionViewFlowLayout.swift */ = {isa = PBXFileReference; lastKnownFileType = sourcecode.swift; path = LeftAlignedCollectionViewFlowLayout.swift; sourceTree = "<group>"; };
		570063982A6AB8520051F42A /* NotiMessageViewController.swift */ = {isa = PBXFileReference; lastKnownFileType = sourcecode.swift; path = NotiMessageViewController.swift; sourceTree = "<group>"; };
		5700639C2A6AC60C0051F42A /* NotiListTableViewCell.swift */ = {isa = PBXFileReference; lastKnownFileType = sourcecode.swift; path = NotiListTableViewCell.swift; sourceTree = "<group>"; };
		570063AA2A724CB40051F42A /* UIViewController+Ext.swift */ = {isa = PBXFileReference; lastKnownFileType = sourcecode.swift; path = "UIViewController+Ext.swift"; sourceTree = "<group>"; };
		570063AC2A7258530051F42A /* DesignColor.swift */ = {isa = PBXFileReference; lastKnownFileType = sourcecode.swift; path = DesignColor.swift; sourceTree = "<group>"; };
		570063BA2A7630E60051F42A /* MenuButton.swift */ = {isa = PBXFileReference; lastKnownFileType = sourcecode.swift; path = MenuButton.swift; sourceTree = "<group>"; };
		570063BC2A7797B50051F42A /* PickerViewController.swift */ = {isa = PBXFileReference; lastKnownFileType = sourcecode.swift; path = PickerViewController.swift; sourceTree = "<group>"; };
		570063BE2A779D440051F42A /* MenuButtonDelegate.swift */ = {isa = PBXFileReference; lastKnownFileType = sourcecode.swift; path = MenuButtonDelegate.swift; sourceTree = "<group>"; };
		570063C02A779FED0051F42A /* AgeGroup.swift */ = {isa = PBXFileReference; lastKnownFileType = sourcecode.swift; path = AgeGroup.swift; sourceTree = "<group>"; };
		570063C22A77A01D0051F42A /* Language.swift */ = {isa = PBXFileReference; lastKnownFileType = sourcecode.swift; path = Language.swift; sourceTree = "<group>"; };
		570063C72A77B2B50051F42A /* SendDataDelegate.swift */ = {isa = PBXFileReference; lastKnownFileType = sourcecode.swift; path = SendDataDelegate.swift; sourceTree = "<group>"; };
		570063C92A792BB80051F42A /* ProfileSettingViewController.swift */ = {isa = PBXFileReference; lastKnownFileType = sourcecode.swift; path = ProfileSettingViewController.swift; sourceTree = "<group>"; };
		570063CE2A7A44BC0051F42A /* Bundle+Ext.swift */ = {isa = PBXFileReference; lastKnownFileType = sourcecode.swift; path = "Bundle+Ext.swift"; sourceTree = "<group>"; };
		572A9A212A5AADBD004D2809 /* UIImage+Ext.swift */ = {isa = PBXFileReference; lastKnownFileType = sourcecode.swift; path = "UIImage+Ext.swift"; sourceTree = "<group>"; };
		572A9A232A5AAE24004D2809 /* CALayer+Ext.swift */ = {isa = PBXFileReference; lastKnownFileType = sourcecode.swift; path = "CALayer+Ext.swift"; sourceTree = "<group>"; };
		572A9A252A5AAE3A004D2809 /* UITabBar+Ext.swift */ = {isa = PBXFileReference; lastKnownFileType = sourcecode.swift; path = "UITabBar+Ext.swift"; sourceTree = "<group>"; };
		572A9A282A5C09EA004D2809 /* SetMeetingNameViewController.swift */ = {isa = PBXFileReference; lastKnownFileType = sourcecode.swift; path = SetMeetingNameViewController.swift; sourceTree = "<group>"; };
		572A9A2F2A5C267D004D2809 /* UITextField+Ext.swift */ = {isa = PBXFileReference; lastKnownFileType = sourcecode.swift; path = "UITextField+Ext.swift"; sourceTree = "<group>"; };
		572A9A312A5CB445004D2809 /* SetInterestViewController.swift */ = {isa = PBXFileReference; lastKnownFileType = sourcecode.swift; path = SetInterestViewController.swift; sourceTree = "<group>"; };
		572A9A342A5CC21C004D2809 /* SetDescriptViewController.swift */ = {isa = PBXFileReference; lastKnownFileType = sourcecode.swift; path = SetDescriptViewController.swift; sourceTree = "<group>"; };
		572A9A362A5CE7D4004D2809 /* SetDetailInfoViewController.swift */ = {isa = PBXFileReference; lastKnownFileType = sourcecode.swift; path = SetDetailInfoViewController.swift; sourceTree = "<group>"; };
		572A9A392A5E80D1004D2809 /* Member.swift */ = {isa = PBXFileReference; lastKnownFileType = sourcecode.swift; path = Member.swift; sourceTree = "<group>"; };
		572DC22B2A51BF2400C0D6E1 /* RF.app */ = {isa = PBXFileReference; explicitFileType = wrapper.application; includeInIndex = 0; path = RF.app; sourceTree = BUILT_PRODUCTS_DIR; };
		572DC22E2A51BF2400C0D6E1 /* AppDelegate.swift */ = {isa = PBXFileReference; lastKnownFileType = sourcecode.swift; path = AppDelegate.swift; sourceTree = "<group>"; };
		572DC2302A51BF2400C0D6E1 /* SceneDelegate.swift */ = {isa = PBXFileReference; lastKnownFileType = sourcecode.swift; path = SceneDelegate.swift; sourceTree = "<group>"; };
		572DC2322A51BF2400C0D6E1 /* SignInViewController.swift */ = {isa = PBXFileReference; lastKnownFileType = sourcecode.swift; path = SignInViewController.swift; sourceTree = "<group>"; };
		572DC2372A51BF2500C0D6E1 /* Assets.xcassets */ = {isa = PBXFileReference; lastKnownFileType = folder.assetcatalog; path = Assets.xcassets; sourceTree = "<group>"; };
		572DC23A2A51BF2500C0D6E1 /* Base */ = {isa = PBXFileReference; lastKnownFileType = file.storyboard; name = Base; path = Base.lproj/LaunchScreen.storyboard; sourceTree = "<group>"; };
		572DC23C2A51BF2500C0D6E1 /* Info.plist */ = {isa = PBXFileReference; lastKnownFileType = text.plist.xml; path = Info.plist; sourceTree = "<group>"; };
		572DC24F2A51C5F300C0D6E1 /* TabBarController.swift */ = {isa = PBXFileReference; lastKnownFileType = sourcecode.swift; path = TabBarController.swift; sourceTree = "<group>"; };
		572DC2522A51C64400C0D6E1 /* HomeViewController.swift */ = {isa = PBXFileReference; lastKnownFileType = sourcecode.swift; path = HomeViewController.swift; sourceTree = "<group>"; };
		572DC2552A51C9BD00C0D6E1 /* SetNicknameViewController.swift */ = {isa = PBXFileReference; lastKnownFileType = sourcecode.swift; path = SetNicknameViewController.swift; sourceTree = "<group>"; };
		57673ED32A5579E000A13D07 /* BannerCollectionViewCell.swift */ = {isa = PBXFileReference; lastKnownFileType = sourcecode.swift; path = BannerCollectionViewCell.swift; sourceTree = "<group>"; };
		57673EDB2A56E9D200A13D07 /* Interest.swift */ = {isa = PBXFileReference; lastKnownFileType = sourcecode.swift; path = Interest.swift; sourceTree = "<group>"; };
		57673EDD2A56EBE100A13D07 /* InterestCollectionViewCell.swift */ = {isa = PBXFileReference; lastKnownFileType = sourcecode.swift; path = InterestCollectionViewCell.swift; sourceTree = "<group>"; };
		57673EE12A58314100A13D07 /* MeetingCollectionViewCell.swift */ = {isa = PBXFileReference; lastKnownFileType = sourcecode.swift; path = MeetingCollectionViewCell.swift; sourceTree = "<group>"; };
		57673EE32A58360B00A13D07 /* TagCollectionViewCell.swift */ = {isa = PBXFileReference; lastKnownFileType = sourcecode.swift; path = TagCollectionViewCell.swift; sourceTree = "<group>"; };
/* End PBXFileReference section */

/* Begin PBXFrameworksBuildPhase section */
		572DC2282A51BF2400C0D6E1 /* Frameworks */ = {
			isa = PBXFrameworksBuildPhase;
			buildActionMask = 2147483647;
			files = (
				3BC35CE32A5C3C3200D73163 /* Tabman in Frameworks */,
				3BB408A72A6AA5D900FBA617 /* FSCalendar in Frameworks */,
				572DC24C2A51C4FB00C0D6E1 /* RxCocoa in Frameworks */,
				572DC2462A51C40F00C0D6E1 /* SnapKit in Frameworks */,
				572DC24E2A51C4FB00C0D6E1 /* RxSwift in Frameworks */,
				3B57FFC72A73CB9E007DB482 /* Mantis in Frameworks */,
				572DC2492A51C42A00C0D6E1 /* Alamofire in Frameworks */,
			);
			runOnlyForDeploymentPostprocessing = 0;
		};
/* End PBXFrameworksBuildPhase section */

/* Begin PBXGroup section */
		3B0F1EE22A7C02F3009F3F2B /* TermsConditions */ = {
			isa = PBXGroup;
			children = (
				3B0F1EE32A7C0317009F3F2B /* UICheckBox1.swift */,
			);
			path = TermsConditions;
			sourceTree = "<group>";
		};
		3B15CD562A63E9450096871F /* Searching */ = {
			isa = PBXGroup;
			children = (
				3B15CD572A63E9590096871F /* SearchingViewController.swift */,
				3B15CD592A63ECB80096871F /* FilteringViewController.swift */,
				3B15CD5B2A6439C50096871F /* CollectionViewCell */,
			);
			path = Searching;
			sourceTree = "<group>";
		};
		3B15CD5B2A6439C50096871F /* CollectionViewCell */ = {
			isa = PBXGroup;
			children = (
				3B15CD5C2A6439EA0096871F /* AgeCollectionViewCell.swift */,
				3B15CD602A64437D0096871F /* InterestingTopicCollectionViewCell.swift */,
			);
			path = CollectionViewCell;
			sourceTree = "<group>";
		};
		3B15CD622A644FB90096871F /* ViewModels */ = {
			isa = PBXGroup;
			children = (
				3BD68EF32A7795C8003A57A7 /* SignIn */,
				3BD700C62A793635005C7D7E /* SignUp */,
				3B15CD632A644FDE0096871F /* Meeting */,
			);
			path = ViewModels;
			sourceTree = "<group>";
		};
		3B15CD632A644FDE0096871F /* Meeting */ = {
			isa = PBXGroup;
			children = (
				3B5402C12A6EA60F00D0AD21 /* List */,
				3BB408AF2A6AC4BD00FBA617 /* Schedule */,
				3B15CD642A644FE40096871F /* Searching */,
			);
			path = Meeting;
			sourceTree = "<group>";
		};
		3B15CD642A644FE40096871F /* Searching */ = {
			isa = PBXGroup;
			children = (
				3B15CD652A644FF90096871F /* FilteringViewModel.swift */,
			);
			path = Searching;
			sourceTree = "<group>";
		};
		3B181D182A56DCC100B62DEB /* Meeting */ = {
			isa = PBXGroup;
			children = (
				3B181D192A56DCDF00B62DEB /* MeetingViewController.swift */,
				3BEEE7D02A7658C0007092DF /* MeetingCreatePopUpViewController.swift */,
				3B181D1D2A56E99300B62DEB /* MakeFriendUIView.swift */,
				3B181D1F2A56EADB00B62DEB /* MakeFreindUIButton.swift */,
				3B5402BB2A6E76AD00D0AD21 /* List */,
				3BB408A22A6AA57600FBA617 /* Schedule */,
				3B15CD562A63E9450096871F /* Searching */,
				572A9A272A5C0989004D2809 /* Creating */,
				3BC35CE42A5C3C4B00D73163 /* DetailMeeting */,
			);
			path = Meeting;
			sourceTree = "<group>";
		};
		3B5402BB2A6E76AD00D0AD21 /* List */ = {
			isa = PBXGroup;
			children = (
				3B5402BC2A6E76C100D0AD21 /* ListViewController.swift */,
				3B5402C82A6EAE1E00D0AD21 /* ProfileUIView.swift */,
				3B5402BE2A6E7DFF00D0AD21 /* TableViewCell */,
			);
			path = List;
			sourceTree = "<group>";
		};
		3B5402BE2A6E7DFF00D0AD21 /* TableViewCell */ = {
			isa = PBXGroup;
			children = (
				3B5402BF2A6E7E0900D0AD21 /* ListTableViewCell.swift */,
			);
			path = TableViewCell;
			sourceTree = "<group>";
		};
		3B5402C12A6EA60F00D0AD21 /* List */ = {
			isa = PBXGroup;
			children = (
				3B5402C22A6EA61700D0AD21 /* ListViewModel.swift */,
				3B5402C62A6EA99E00D0AD21 /* ListCellViewModel.swift */,
			);
			path = List;
			sourceTree = "<group>";
		};
		3B8477312A6AB1D5007A6144 /* Cell */ = {
			isa = PBXGroup;
			children = (
				3B8477342A6ACDBF007A6144 /* InterestSmallCollectionViewCell.swift */,
				3BA9FB8C2A7D307F0039B138 /* lifestyleCollectionViewCell.swift */,
				3BD700C12A793371005C7D7E /* ChooseUserTableViewCell.swift */,
			);
			path = Cell;
			sourceTree = "<group>";
		};
		3BB408A22A6AA57600FBA617 /* Schedule */ = {
			isa = PBXGroup;
			children = (
				3BB408A32A6AA5A900FBA617 /* ScheduleViewController.swift */,
				3BB408A82A6AA68A00FBA617 /* ScheduleTableViewCell.swift */,
				3BB408AB2A6AAC8800FBA617 /* ScheduleFSCalendarCell.swift */,
				3B57FFCE2A7408D4007DB482 /* SchedulePopUpViewController.swift */,
			);
			path = Schedule;
			sourceTree = "<group>";
		};
		3BB408AF2A6AC4BD00FBA617 /* Schedule */ = {
			isa = PBXGroup;
			children = (
				3BB408B02A6AC4CA00FBA617 /* ScheduleViewModel.swift */,
				3B57FFD22A741972007DB482 /* SchedulePopUpViewModel.swift */,
				3BB408B22A6ACD0A00FBA617 /* ScheduleFSCalendarCellViewModel.swift */,
			);
			path = Schedule;
			sourceTree = "<group>";
		};
		3BC35CE42A5C3C4B00D73163 /* DetailMeeting */ = {
			isa = PBXGroup;
			children = (
				3BC35CE52A5C3C6E00D73163 /* DetailMeetingTabController.swift */,
				3BC35CE72A5C3CA000D73163 /* DetailMeetingHomeController.swift */,
				3B59B2802A75635100027809 /* DetailMeetingJoinPopUpViewController.swift */,
				3BC35CF42A5DAE0C00D73163 /* CollectionViewLeftAlignFlowLayout.swift */,
				3BC35CE92A5C3CBA00D73163 /* DetailMeetingChatController.swift */,
				3BC35CEB2A5C563F00D73163 /* CollectionViewCell */,
			);
			path = DetailMeeting;
			sourceTree = "<group>";
		};
		3BC35CEB2A5C563F00D73163 /* CollectionViewCell */ = {
			isa = PBXGroup;
			children = (
				3BC35CEC2A5C565800D73163 /* InterestingCollectionViewCell.swift */,
				3BC35CF02A5C6CBD00D73163 /* RuleCollectionViewCell.swift */,
				3BC35CF22A5D7E2500D73163 /* JoinMemberCollectionViewCell.swift */,
			);
			path = CollectionViewCell;
			sourceTree = "<group>";
		};
		3BC7D35B2A7D263100D92356 /* SignUp */ = {
			isa = PBXGroup;
			children = (
				3BC7D35C2A7D263C00D92356 /* SignUpService.swift */,
				3B6C312A2A7E2616008FADA1 /* EmailService.swift */,
				3B6C31262A7E2106008FADA1 /* PersonalInterestsService.swift */,
				3BC7D3622A7D4ED300D92356 /* NickNameService.swift */,
			);
			path = SignUp;
			sourceTree = "<group>";
		};
		3BD68EF32A7795C8003A57A7 /* SignIn */ = {
			isa = PBXGroup;
			children = (
				3BD68EF42A7795D5003A57A7 /* SignInViewModel.swift */,
			);
			path = SignIn;
			sourceTree = "<group>";
		};
		3BD68EF82A779870003A57A7 /* Services */ = {
			isa = PBXGroup;
			children = (
				3BC7D35B2A7D263100D92356 /* SignUp */,
				3BD68EF92A77987B003A57A7 /* SignIn */,
			);
			path = Services;
			sourceTree = "<group>";
		};
		3BD68EF92A77987B003A57A7 /* SignIn */ = {
			isa = PBXGroup;
			children = (
				3BD68EFA2A779885003A57A7 /* SignInService.swift */,
			);
			path = SignIn;
			sourceTree = "<group>";
		};
		3BD700C32A793548005C7D7E /* ChooseUserInfo */ = {
			isa = PBXGroup;
			children = (
				3BD700C42A793565005C7D7E /* ChoiceBornCountryView.swift */,
				3BD700CE2A7962F0005C7D7E /* ChoiceInterestingCountryView.swift */,
				3BD700D22A7963DD005C7D7E /* ChoiceInterestingLanguageView.swift */,
			);
			path = ChooseUserInfo;
			sourceTree = "<group>";
		};
		3BD700C62A793635005C7D7E /* SignUp */ = {
			isa = PBXGroup;
			children = (
				3BD700CC2A796149005C7D7E /* UserInfoViewModel.swift */,
				3B6C312E2A7E36C4008FADA1 /* PersonalInterestsViewModel.swift */,
				3BD700C92A7936BD005C7D7E /* ChooseUserInfo */,
				3BC7D3592A7D244F00D92356 /* SignUpViewModel.swift */,
				3B6C31242A7E17DC008FADA1 /* UserInfoSelfViewModel.swift */,
				3BC7D3602A7D4D6300D92356 /* SetNicknameViewModel.swift */,
			);
			path = SignUp;
			sourceTree = "<group>";
		};
		3BD700C92A7936BD005C7D7E /* ChooseUserInfo */ = {
			isa = PBXGroup;
			children = (
				3BD700C72A79364B005C7D7E /* ChoiceCountryViewModel.swift */,
				3BD700D02A796312005C7D7E /* ChoiceInterestingCountryViewModel.swift */,
				3BD700D42A796403005C7D7E /* ChoiceInterestingLanguageViewModel.swift */,
			);
			path = ChooseUserInfo;
			sourceTree = "<group>";
		};
		44F82A0F2A56D55D006B17F8 /* Extensions */ = {
			isa = PBXGroup;
			children = (
				44F82A102A56D5D4006B17F8 /* UIColor+Ext.swift */,
				572A9A212A5AADBD004D2809 /* UIImage+Ext.swift */,
				572A9A232A5AAE24004D2809 /* CALayer+Ext.swift */,
				572A9A252A5AAE3A004D2809 /* UITabBar+Ext.swift */,
				3BC35CEE2A5C6C1B00D73163 /* UILabel+Ext.swift */,
				572A9A2F2A5C267D004D2809 /* UITextField+Ext.swift */,
				570063AA2A724CB40051F42A /* UIViewController+Ext.swift */,
				570063CE2A7A44BC0051F42A /* Bundle+Ext.swift */,
			);
			path = Extensions;
			sourceTree = "<group>";
		};
		570063692A643CC90051F42A /* Cell */ = {
			isa = PBXGroup;
			children = (
				5700636A2A643CDA0051F42A /* DropDownTableViewCell.swift */,
			);
			path = Cell;
			sourceTree = "<group>";
		};
		5700636C2A6509F90051F42A /* Creating */ = {
			isa = PBXGroup;
			children = (
				570063BE2A779D440051F42A /* MenuButtonDelegate.swift */,
			);
			path = Creating;
			sourceTree = "<group>";
		};
		570063C42A77A0E20051F42A /* Common */ = {
			isa = PBXGroup;
			children = (
				570063C72A77B2B50051F42A /* SendDataDelegate.swift */,
			);
			path = Common;
			sourceTree = "<group>";
		};
		570063CB2A792C530051F42A /* Setting */ = {
			isa = PBXGroup;
			children = (
				570063C92A792BB80051F42A /* ProfileSettingViewController.swift */,
			);
			path = Setting;
			sourceTree = "<group>";
		};
		572A9A272A5C0989004D2809 /* Creating */ = {
			isa = PBXGroup;
			children = (
				570063692A643CC90051F42A /* Cell */,
				572A9A282A5C09EA004D2809 /* SetMeetingNameViewController.swift */,
				572A9A312A5CB445004D2809 /* SetInterestViewController.swift */,
				572A9A342A5CC21C004D2809 /* SetDescriptViewController.swift */,
				572A9A362A5CE7D4004D2809 /* SetDetailInfoViewController.swift */,
				570063922A67B23A0051F42A /* RuleListViewController.swift */,
				570063BC2A7797B50051F42A /* PickerViewController.swift */,
				5700635F2A63D5120051F42A /* PersonnelStepper.swift */,
				570063BA2A7630E60051F42A /* MenuButton.swift */,
			);
			path = Creating;
			sourceTree = "<group>";
		};
		572A9A2E2A5C25B9004D2809 /* Common */ = {
			isa = PBXGroup;
			children = (
				572DC24F2A51C5F300C0D6E1 /* TabBarController.swift */,
				570063962A67BA580051F42A /* LeftAlignedCollectionViewFlowLayout.swift */,
				3B57FFCC2A7408AE007DB482 /* DimmedViewController.swift */,
			);
			path = Common;
			sourceTree = "<group>";
		};
		572A9A382A5E80B0004D2809 /* Models */ = {
			isa = PBXGroup;
			children = (
				572A9A392A5E80D1004D2809 /* Member.swift */,
				3B6C31282A7E2166008FADA1 /* User.swift */,
				3B6C312C2A7E26E1008FADA1 /* SendEmail.swift */,
				3BC7D35E2A7D27E000D92356 /* SignUp.swift */,
				3BB408AD2A6ABCF600FBA617 /* ScheduleEvent.swift */,
				3B5402C42A6EA6A700D0AD21 /* MeetingList.swift */,
				3B57FFD42A741F61007DB482 /* ScheduleEventPopUp.swift */,
				3BD68EF62A779741003A57A7 /* SignIn.swift */,
				3BC7D3642A7D4F7400D92356 /* NickName.swift */,
			);
			path = Models;
			sourceTree = "<group>";
		};
		572DC2222A51BF2400C0D6E1 = {
			isa = PBXGroup;
			children = (
				572DC22D2A51BF2400C0D6E1 /* RF */,
				572DC22C2A51BF2400C0D6E1 /* Products */,
			);
			sourceTree = "<group>";
		};
		572DC22C2A51BF2400C0D6E1 /* Products */ = {
			isa = PBXGroup;
			children = (
				572DC22B2A51BF2400C0D6E1 /* RF.app */,
			);
			name = Products;
			sourceTree = "<group>";
		};
		572DC22D2A51BF2400C0D6E1 /* RF */ = {
			isa = PBXGroup;
			children = (
				572DC2432A51C36C00C0D6E1 /* App */,
				57673EDA2A56E9B000A13D07 /* Constants */,
				44F82A0F2A56D55D006B17F8 /* Extensions */,
				575032912A596DB30060D629 /* Protocols */,
				572A9A382A5E80B0004D2809 /* Models */,
				572DC2422A51C23C00C0D6E1 /* Views */,
				3B15CD622A644FB90096871F /* ViewModels */,
				3BD68EF82A779870003A57A7 /* Services */,
				572DC2372A51BF2500C0D6E1 /* Assets.xcassets */,
				572DC2392A51BF2500C0D6E1 /* LaunchScreen.storyboard */,
				572DC23C2A51BF2500C0D6E1 /* Info.plist */,
				3B0B35282A7A5A31003B2D8C /* SecretKey.plist */,
			);
			path = RF;
			sourceTree = "<group>";
		};
		572DC2422A51C23C00C0D6E1 /* Views */ = {
			isa = PBXGroup;
			children = (
				572A9A2E2A5C25B9004D2809 /* Common */,
				572DC2572A51CA3400C0D6E1 /* SignIn */,
				572DC2542A51C97900C0D6E1 /* SignUp */,
				572DC2512A51C62E00C0D6E1 /* Home */,
				3B181D182A56DCC100B62DEB /* Meeting */,
				570063CB2A792C530051F42A /* Setting */,
			);
			path = Views;
			sourceTree = "<group>";
		};
		572DC2432A51C36C00C0D6E1 /* App */ = {
			isa = PBXGroup;
			children = (
				572DC22E2A51BF2400C0D6E1 /* AppDelegate.swift */,
				572DC2302A51BF2400C0D6E1 /* SceneDelegate.swift */,
			);
			path = App;
			sourceTree = "<group>";
		};
		572DC2512A51C62E00C0D6E1 /* Home */ = {
			isa = PBXGroup;
			children = (
				57673ED72A56DF6500A13D07 /* Cell */,
				572DC2522A51C64400C0D6E1 /* HomeViewController.swift */,
				570063982A6AB8520051F42A /* NotiMessageViewController.swift */,
			);
			path = Home;
			sourceTree = "<group>";
		};
		572DC2542A51C97900C0D6E1 /* SignUp */ = {
			isa = PBXGroup;
			children = (
				3B8477312A6AB1D5007A6144 /* Cell */,
				572DC2552A51C9BD00C0D6E1 /* SetNicknameViewController.swift */,
				3B6C31302A7E5224008FADA1 /* ChooseUniversityViewController.swift */,
				3B935D572A56F00200FECE3A /* SignUpViewController.swift */,
				44F82A162A5C05A7006B17F8 /* UserInfoViewController.swift */,
				3BD700C32A793548005C7D7E /* ChooseUserInfo */,
				443044BC2A67B434008A4087 /* UserInfoSelfViewController.swift */,
				3B2670E52A5ECCF600EA4F45 /* TermsConditionsViewController.swift */,
				3B0F1EE22A7C02F3009F3F2B /* TermsConditions */,
				3BDB84C02A6AAC7400CE8045 /* PersonalInterestsViewController.swift */,
			);
			path = SignUp;
			sourceTree = "<group>";
		};
		572DC2572A51CA3400C0D6E1 /* SignIn */ = {
			isa = PBXGroup;
			children = (
				572DC2322A51BF2400C0D6E1 /* SignInViewController.swift */,
				3B935D532A56D45C00FECE3A /* PasswordTextField.swift */,
				3B935D552A56D4AA00FECE3A /* UICheckBox.swift */,
			);
			path = SignIn;
			sourceTree = "<group>";
		};
		575032912A596DB30060D629 /* Protocols */ = {
			isa = PBXGroup;
			children = (
				570063C42A77A0E20051F42A /* Common */,
				5700636C2A6509F90051F42A /* Creating */,
			);
			path = Protocols;
			sourceTree = "<group>";
		};
		57673ED72A56DF6500A13D07 /* Cell */ = {
			isa = PBXGroup;
			children = (
				57673ED32A5579E000A13D07 /* BannerCollectionViewCell.swift */,
				57673EE12A58314100A13D07 /* MeetingCollectionViewCell.swift */,
				57673EE32A58360B00A13D07 /* TagCollectionViewCell.swift */,
				57673EDD2A56EBE100A13D07 /* InterestCollectionViewCell.swift */,
				5700639C2A6AC60C0051F42A /* NotiListTableViewCell.swift */,
			);
			path = Cell;
			sourceTree = "<group>";
		};
		57673EDA2A56E9B000A13D07 /* Constants */ = {
			isa = PBXGroup;
			children = (
				57673EDB2A56E9D200A13D07 /* Interest.swift */,
				3B4CAC972A7A4F3B00896DEB /* HomeMeetingDummy.swift */,
				3B59B2822A75653400027809 /* DetailMeetingJoinPopUp.swift */,
				3BD700CA2A793AA0005C7D7E /* UserInfo.swift */,
				570063942A67BA000051F42A /* Rule.swift */,
				3BEEE7D22A7659C4007092DF /* MeetingCreatePopUp.swift */,
				3B15CD5E2A643AD80096871F /* MeetingFiltering.swift */,
				3B57FFD02A740E54007DB482 /* SchedulePopUp.swift */,
				3B8477362A6AEC25007A6144 /* LifeStyle.swift */,
				3B8477382A6AEC32007A6144 /* Mbti.swift */,
				570063AC2A7258530051F42A /* DesignColor.swift */,
				570063C02A779FED0051F42A /* AgeGroup.swift */,
				570063C22A77A01D0051F42A /* Language.swift */,
			);
			path = Constants;
			sourceTree = "<group>";
		};
/* End PBXGroup section */

/* Begin PBXNativeTarget section */
		572DC22A2A51BF2400C0D6E1 /* RF */ = {
			isa = PBXNativeTarget;
			buildConfigurationList = 572DC23F2A51BF2500C0D6E1 /* Build configuration list for PBXNativeTarget "RF" */;
			buildPhases = (
				572DC2272A51BF2400C0D6E1 /* Sources */,
				572DC2282A51BF2400C0D6E1 /* Frameworks */,
				572DC2292A51BF2400C0D6E1 /* Resources */,
			);
			buildRules = (
			);
			dependencies = (
			);
			name = RF;
			packageProductDependencies = (
				572DC2452A51C40F00C0D6E1 /* SnapKit */,
				572DC2482A51C42A00C0D6E1 /* Alamofire */,
				572DC24B2A51C4FB00C0D6E1 /* RxCocoa */,
				572DC24D2A51C4FB00C0D6E1 /* RxSwift */,
				3BC35CE22A5C3C3200D73163 /* Tabman */,
				3BB408A62A6AA5D900FBA617 /* FSCalendar */,
				3B57FFC62A73CB9E007DB482 /* Mantis */,
			);
			productName = RF;
			productReference = 572DC22B2A51BF2400C0D6E1 /* RF.app */;
			productType = "com.apple.product-type.application";
		};
/* End PBXNativeTarget section */

/* Begin PBXProject section */
		572DC2232A51BF2400C0D6E1 /* Project object */ = {
			isa = PBXProject;
			attributes = {
				BuildIndependentTargetsInParallel = 1;
				LastSwiftUpdateCheck = 1430;
				LastUpgradeCheck = 1430;
				TargetAttributes = {
					572DC22A2A51BF2400C0D6E1 = {
						CreatedOnToolsVersion = 14.3.1;
					};
				};
			};
			buildConfigurationList = 572DC2262A51BF2400C0D6E1 /* Build configuration list for PBXProject "RF" */;
			compatibilityVersion = "Xcode 14.0";
			developmentRegion = en;
			hasScannedForEncodings = 0;
			knownRegions = (
				en,
				Base,
			);
			mainGroup = 572DC2222A51BF2400C0D6E1;
			packageReferences = (
				572DC2442A51C40F00C0D6E1 /* XCRemoteSwiftPackageReference "SnapKit" */,
				572DC2472A51C42A00C0D6E1 /* XCRemoteSwiftPackageReference "Alamofire" */,
				572DC24A2A51C4FB00C0D6E1 /* XCRemoteSwiftPackageReference "RxSwift" */,
				3BC35CE12A5C3C3200D73163 /* XCRemoteSwiftPackageReference "Tabman" */,
				3BB408A52A6AA5D900FBA617 /* XCRemoteSwiftPackageReference "FSCalendar" */,
				3B57FFC52A73CB9E007DB482 /* XCRemoteSwiftPackageReference "Mantis" */,
			);
			productRefGroup = 572DC22C2A51BF2400C0D6E1 /* Products */;
			projectDirPath = "";
			projectRoot = "";
			targets = (
				572DC22A2A51BF2400C0D6E1 /* RF */,
			);
		};
/* End PBXProject section */

/* Begin PBXResourcesBuildPhase section */
		572DC2292A51BF2400C0D6E1 /* Resources */ = {
			isa = PBXResourcesBuildPhase;
			buildActionMask = 2147483647;
			files = (
				3B0B35292A7A5A31003B2D8C /* SecretKey.plist in Resources */,
				572DC23B2A51BF2500C0D6E1 /* LaunchScreen.storyboard in Resources */,
				572DC2382A51BF2500C0D6E1 /* Assets.xcassets in Resources */,
			);
			runOnlyForDeploymentPostprocessing = 0;
		};
/* End PBXResourcesBuildPhase section */

/* Begin PBXSourcesBuildPhase section */
		572DC2272A51BF2400C0D6E1 /* Sources */ = {
			isa = PBXSourcesBuildPhase;
			buildActionMask = 2147483647;
			files = (
				3B6C31252A7E17DC008FADA1 /* UserInfoSelfViewModel.swift in Sources */,
				570063932A67B23A0051F42A /* RuleListViewController.swift in Sources */,
				44F82A112A56D5D4006B17F8 /* UIColor+Ext.swift in Sources */,
				570063AB2A724CB40051F42A /* UIViewController+Ext.swift in Sources */,
				570063C32A77A01D0051F42A /* Language.swift in Sources */,
				57673EDE2A56EBE100A13D07 /* InterestCollectionViewCell.swift in Sources */,
				570063972A67BA580051F42A /* LeftAlignedCollectionViewFlowLayout.swift in Sources */,
				3BB408A42A6AA5A900FBA617 /* ScheduleViewController.swift in Sources */,
				3BEEE7D12A7658C0007092DF /* MeetingCreatePopUpViewController.swift in Sources */,
				3BD700D12A796312005C7D7E /* ChoiceInterestingCountryViewModel.swift in Sources */,
				3B8477372A6AEC25007A6144 /* LifeStyle.swift in Sources */,
				3B8477392A6AEC32007A6144 /* Mbti.swift in Sources */,
				3BDB84C12A6AAC7400CE8045 /* PersonalInterestsViewController.swift in Sources */,
				3B15CD582A63E9590096871F /* SearchingViewController.swift in Sources */,
				443044BD2A67B434008A4087 /* UserInfoSelfViewController.swift in Sources */,
				443044BD2A67B434008A4087 /* UserInfoSelfViewController.swift in Sources */,
				3BC35CE82A5C3CA000D73163 /* DetailMeetingHomeController.swift in Sources */,
				3BD700CF2A7962F0005C7D7E /* ChoiceInterestingCountryView.swift in Sources */,
				572A9A302A5C267D004D2809 /* UITextField+Ext.swift in Sources */,
				3BEEE7D32A7659C4007092DF /* MeetingCreatePopUp.swift in Sources */,
				572A9A262A5AAE3A004D2809 /* UITabBar+Ext.swift in Sources */,
				3BC7D35D2A7D263C00D92356 /* SignUpService.swift in Sources */,
				3B6C31292A7E2166008FADA1 /* User.swift in Sources */,
				570063BB2A7630E60051F42A /* MenuButton.swift in Sources */,
				3B5402C52A6EA6A700D0AD21 /* MeetingList.swift in Sources */,
				570063992A6AB8520051F42A /* NotiMessageViewController.swift in Sources */,
				3BC35CED2A5C565800D73163 /* InterestingCollectionViewCell.swift in Sources */,
				3B935D562A56D4AA00FECE3A /* UICheckBox.swift in Sources */,
				3BB408A92A6AA68A00FBA617 /* ScheduleTableViewCell.swift in Sources */,
				3BA9FB8D2A7D307F0039B138 /* lifestyleCollectionViewCell.swift in Sources */,
				57673EE22A58314100A13D07 /* MeetingCollectionViewCell.swift in Sources */,
				3BC35CE62A5C3C6E00D73163 /* DetailMeetingTabController.swift in Sources */,
				44F82A172A5C05A7006B17F8 /* UserInfoViewController.swift in Sources */,
				3BB408B32A6ACD0A00FBA617 /* ScheduleFSCalendarCellViewModel.swift in Sources */,
				572DC2532A51C64400C0D6E1 /* HomeViewController.swift in Sources */,
				3B57FFD12A740E54007DB482 /* SchedulePopUp.swift in Sources */,
				572DC2332A51BF2400C0D6E1 /* SignInViewController.swift in Sources */,
				3BC7D3652A7D4F7500D92356 /* NickName.swift in Sources */,
				3B57FFCD2A7408AE007DB482 /* DimmedViewController.swift in Sources */,
				3B181D1A2A56DCDF00B62DEB /* MeetingViewController.swift in Sources */,
				3BD700C52A793565005C7D7E /* ChoiceBornCountryView.swift in Sources */,
				3BC7D35F2A7D27E000D92356 /* SignUp.swift in Sources */,
				3B6C312F2A7E36C4008FADA1 /* PersonalInterestsViewModel.swift in Sources */,
				572DC2502A51C5F300C0D6E1 /* TabBarController.swift in Sources */,
				57673ED42A5579E000A13D07 /* BannerCollectionViewCell.swift in Sources */,
				3B59B2832A75653400027809 /* DetailMeetingJoinPopUp.swift in Sources */,
				3BC35CEF2A5C6C1B00D73163 /* UILabel+Ext.swift in Sources */,
				572A9A322A5CB445004D2809 /* SetInterestViewController.swift in Sources */,
				570063602A63D5120051F42A /* PersonnelStepper.swift in Sources */,
				572A9A3A2A5E80D1004D2809 /* Member.swift in Sources */,
				57673EE42A58360B00A13D07 /* TagCollectionViewCell.swift in Sources */,
				3BC35CF32A5D7E2500D73163 /* JoinMemberCollectionViewCell.swift in Sources */,
				3BB408AE2A6ABCF600FBA617 /* ScheduleEvent.swift in Sources */,
				3BD68EF72A779741003A57A7 /* SignIn.swift in Sources */,
				572DC2562A51C9BD00C0D6E1 /* SetNicknameViewController.swift in Sources */,
				3B6C312B2A7E2616008FADA1 /* EmailService.swift in Sources */,
				3B57FFD52A741F61007DB482 /* ScheduleEventPopUp.swift in Sources */,
				3B5402BD2A6E76C100D0AD21 /* ListViewController.swift in Sources */,
				3B181D1E2A56E99300B62DEB /* MakeFriendUIView.swift in Sources */,
				570063BF2A779D440051F42A /* MenuButtonDelegate.swift in Sources */,
				3B6C312D2A7E26E1008FADA1 /* SendEmail.swift in Sources */,
				3BC7D35A2A7D244F00D92356 /* SignUpViewModel.swift in Sources */,
				3BC35CF52A5DAE0C00D73163 /* CollectionViewLeftAlignFlowLayout.swift in Sources */,
				3BC35CF12A5C6CBD00D73163 /* RuleCollectionViewCell.swift in Sources */,
				3BD68EF52A7795D5003A57A7 /* SignInViewModel.swift in Sources */,
				3B181D202A56EADB00B62DEB /* MakeFreindUIButton.swift in Sources */,
				5700636B2A643CDA0051F42A /* DropDownTableViewCell.swift in Sources */,
				572DC22F2A51BF2400C0D6E1 /* AppDelegate.swift in Sources */,
				570063BD2A7797B50051F42A /* PickerViewController.swift in Sources */,
				3BC7D3632A7D4ED300D92356 /* NickNameService.swift in Sources */,
				570063CF2A7A44BC0051F42A /* Bundle+Ext.swift in Sources */,
				3B59B2812A75635100027809 /* DetailMeetingJoinPopUpViewController.swift in Sources */,
				3BD700D32A7963DD005C7D7E /* ChoiceInterestingLanguageView.swift in Sources */,
				3B6C31312A7E5224008FADA1 /* ChooseUniversityViewController.swift in Sources */,
				3B15CD5D2A6439EA0096871F /* AgeCollectionViewCell.swift in Sources */,
				57673EDC2A56E9D200A13D07 /* Interest.swift in Sources */,
				3BD700CD2A796149005C7D7E /* UserInfoViewModel.swift in Sources */,
				570063CA2A792BB80051F42A /* ProfileSettingViewController.swift in Sources */,
				3B5402C02A6E7E0900D0AD21 /* ListTableViewCell.swift in Sources */,
				3B2670E62A5ECCF600EA4F45 /* TermsConditionsViewController.swift in Sources */,
				572A9A352A5CC21C004D2809 /* SetDescriptViewController.swift in Sources */,
				3B5402C32A6EA61700D0AD21 /* ListViewModel.swift in Sources */,
				3B15CD5A2A63ECB80096871F /* FilteringViewController.swift in Sources */,
				5700639D2A6AC60C0051F42A /* NotiListTableViewCell.swift in Sources */,
				3B6C31272A7E2106008FADA1 /* PersonalInterestsService.swift in Sources */,
				572A9A242A5AAE24004D2809 /* CALayer+Ext.swift in Sources */,
				3B5402C72A6EA99E00D0AD21 /* ListCellViewModel.swift in Sources */,
				3B935D582A56F00200FECE3A /* SignUpViewController.swift in Sources */,
				572DC2312A51BF2400C0D6E1 /* SceneDelegate.swift in Sources */,
				3BC35CEA2A5C3CBA00D73163 /* DetailMeetingChatController.swift in Sources */,
				3BD68EFB2A779885003A57A7 /* SignInService.swift in Sources */,
				570063AD2A7258530051F42A /* DesignColor.swift in Sources */,
				570063C82A77B2B50051F42A /* SendDataDelegate.swift in Sources */,
				3B15CD612A64437D0096871F /* InterestingTopicCollectionViewCell.swift in Sources */,
				3BD700C82A79364B005C7D7E /* ChoiceCountryViewModel.swift in Sources */,
				572A9A372A5CE7D4004D2809 /* SetDetailInfoViewController.swift in Sources */,
				3B4CAC982A7A4F3B00896DEB /* HomeMeetingDummy.swift in Sources */,
				570063C12A779FED0051F42A /* AgeGroup.swift in Sources */,
				3B935D542A56D45C00FECE3A /* PasswordTextField.swift in Sources */,
				3B8477352A6ACDBF007A6144 /* InterestSmallCollectionViewCell.swift in Sources */,
				3BD700C22A793371005C7D7E /* ChooseUserTableViewCell.swift in Sources */,
				570063952A67BA000051F42A /* Rule.swift in Sources */,
				3B57FFD32A741972007DB482 /* SchedulePopUpViewModel.swift in Sources */,
				572A9A222A5AADBD004D2809 /* UIImage+Ext.swift in Sources */,
				3B15CD5F2A643AD80096871F /* MeetingFiltering.swift in Sources */,
				3B15CD662A644FF90096871F /* FilteringViewModel.swift in Sources */,
				3BD700D52A796403005C7D7E /* ChoiceInterestingLanguageViewModel.swift in Sources */,
				572A9A292A5C09EA004D2809 /* SetMeetingNameViewController.swift in Sources */,
				3B5402C92A6EAE1E00D0AD21 /* ProfileUIView.swift in Sources */,
				3BB408AC2A6AAC8800FBA617 /* ScheduleFSCalendarCell.swift in Sources */,
				3B57FFCF2A7408D4007DB482 /* SchedulePopUpViewController.swift in Sources */,
				3BD700CB2A793AA0005C7D7E /* UserInfo.swift in Sources */,
				3BC7D3612A7D4D6300D92356 /* SetNicknameViewModel.swift in Sources */,
				3B0F1EE42A7C0317009F3F2B /* UICheckBox1.swift in Sources */,
				3BB408B12A6AC4CA00FBA617 /* ScheduleViewModel.swift in Sources */,
			);
			runOnlyForDeploymentPostprocessing = 0;
		};
/* End PBXSourcesBuildPhase section */

/* Begin PBXVariantGroup section */
		572DC2392A51BF2500C0D6E1 /* LaunchScreen.storyboard */ = {
			isa = PBXVariantGroup;
			children = (
				572DC23A2A51BF2500C0D6E1 /* Base */,
			);
			name = LaunchScreen.storyboard;
			sourceTree = "<group>";
		};
/* End PBXVariantGroup section */

/* Begin XCBuildConfiguration section */
		572DC23D2A51BF2500C0D6E1 /* Debug */ = {
			isa = XCBuildConfiguration;
			buildSettings = {
				ALWAYS_SEARCH_USER_PATHS = NO;
				CLANG_ANALYZER_NONNULL = YES;
				CLANG_ANALYZER_NUMBER_OBJECT_CONVERSION = YES_AGGRESSIVE;
				CLANG_CXX_LANGUAGE_STANDARD = "gnu++20";
				CLANG_ENABLE_MODULES = YES;
				CLANG_ENABLE_OBJC_ARC = YES;
				CLANG_ENABLE_OBJC_WEAK = YES;
				CLANG_WARN_BLOCK_CAPTURE_AUTORELEASING = YES;
				CLANG_WARN_BOOL_CONVERSION = YES;
				CLANG_WARN_COMMA = YES;
				CLANG_WARN_CONSTANT_CONVERSION = YES;
				CLANG_WARN_DEPRECATED_OBJC_IMPLEMENTATIONS = YES;
				CLANG_WARN_DIRECT_OBJC_ISA_USAGE = YES_ERROR;
				CLANG_WARN_DOCUMENTATION_COMMENTS = YES;
				CLANG_WARN_EMPTY_BODY = YES;
				CLANG_WARN_ENUM_CONVERSION = YES;
				CLANG_WARN_INFINITE_RECURSION = YES;
				CLANG_WARN_INT_CONVERSION = YES;
				CLANG_WARN_NON_LITERAL_NULL_CONVERSION = YES;
				CLANG_WARN_OBJC_IMPLICIT_RETAIN_SELF = YES;
				CLANG_WARN_OBJC_LITERAL_CONVERSION = YES;
				CLANG_WARN_OBJC_ROOT_CLASS = YES_ERROR;
				CLANG_WARN_QUOTED_INCLUDE_IN_FRAMEWORK_HEADER = YES;
				CLANG_WARN_RANGE_LOOP_ANALYSIS = YES;
				CLANG_WARN_STRICT_PROTOTYPES = YES;
				CLANG_WARN_SUSPICIOUS_MOVE = YES;
				CLANG_WARN_UNGUARDED_AVAILABILITY = YES_AGGRESSIVE;
				CLANG_WARN_UNREACHABLE_CODE = YES;
				CLANG_WARN__DUPLICATE_METHOD_MATCH = YES;
				COPY_PHASE_STRIP = NO;
				DEBUG_INFORMATION_FORMAT = dwarf;
				ENABLE_STRICT_OBJC_MSGSEND = YES;
				ENABLE_TESTABILITY = YES;
				GCC_C_LANGUAGE_STANDARD = gnu11;
				GCC_DYNAMIC_NO_PIC = NO;
				GCC_NO_COMMON_BLOCKS = YES;
				GCC_OPTIMIZATION_LEVEL = 0;
				GCC_PREPROCESSOR_DEFINITIONS = (
					"DEBUG=1",
					"$(inherited)",
				);
				GCC_WARN_64_TO_32_BIT_CONVERSION = YES;
				GCC_WARN_ABOUT_RETURN_TYPE = YES_ERROR;
				GCC_WARN_UNDECLARED_SELECTOR = YES;
				GCC_WARN_UNINITIALIZED_AUTOS = YES_AGGRESSIVE;
				GCC_WARN_UNUSED_FUNCTION = YES;
				GCC_WARN_UNUSED_VARIABLE = YES;
				IPHONEOS_DEPLOYMENT_TARGET = 16.4;
				MTL_ENABLE_DEBUG_INFO = INCLUDE_SOURCE;
				MTL_FAST_MATH = YES;
				ONLY_ACTIVE_ARCH = YES;
				SDKROOT = iphoneos;
				SWIFT_ACTIVE_COMPILATION_CONDITIONS = DEBUG;
				SWIFT_OPTIMIZATION_LEVEL = "-Onone";
			};
			name = Debug;
		};
		572DC23E2A51BF2500C0D6E1 /* Release */ = {
			isa = XCBuildConfiguration;
			buildSettings = {
				ALWAYS_SEARCH_USER_PATHS = NO;
				CLANG_ANALYZER_NONNULL = YES;
				CLANG_ANALYZER_NUMBER_OBJECT_CONVERSION = YES_AGGRESSIVE;
				CLANG_CXX_LANGUAGE_STANDARD = "gnu++20";
				CLANG_ENABLE_MODULES = YES;
				CLANG_ENABLE_OBJC_ARC = YES;
				CLANG_ENABLE_OBJC_WEAK = YES;
				CLANG_WARN_BLOCK_CAPTURE_AUTORELEASING = YES;
				CLANG_WARN_BOOL_CONVERSION = YES;
				CLANG_WARN_COMMA = YES;
				CLANG_WARN_CONSTANT_CONVERSION = YES;
				CLANG_WARN_DEPRECATED_OBJC_IMPLEMENTATIONS = YES;
				CLANG_WARN_DIRECT_OBJC_ISA_USAGE = YES_ERROR;
				CLANG_WARN_DOCUMENTATION_COMMENTS = YES;
				CLANG_WARN_EMPTY_BODY = YES;
				CLANG_WARN_ENUM_CONVERSION = YES;
				CLANG_WARN_INFINITE_RECURSION = YES;
				CLANG_WARN_INT_CONVERSION = YES;
				CLANG_WARN_NON_LITERAL_NULL_CONVERSION = YES;
				CLANG_WARN_OBJC_IMPLICIT_RETAIN_SELF = YES;
				CLANG_WARN_OBJC_LITERAL_CONVERSION = YES;
				CLANG_WARN_OBJC_ROOT_CLASS = YES_ERROR;
				CLANG_WARN_QUOTED_INCLUDE_IN_FRAMEWORK_HEADER = YES;
				CLANG_WARN_RANGE_LOOP_ANALYSIS = YES;
				CLANG_WARN_STRICT_PROTOTYPES = YES;
				CLANG_WARN_SUSPICIOUS_MOVE = YES;
				CLANG_WARN_UNGUARDED_AVAILABILITY = YES_AGGRESSIVE;
				CLANG_WARN_UNREACHABLE_CODE = YES;
				CLANG_WARN__DUPLICATE_METHOD_MATCH = YES;
				COPY_PHASE_STRIP = NO;
				DEBUG_INFORMATION_FORMAT = "dwarf-with-dsym";
				ENABLE_NS_ASSERTIONS = NO;
				ENABLE_STRICT_OBJC_MSGSEND = YES;
				GCC_C_LANGUAGE_STANDARD = gnu11;
				GCC_NO_COMMON_BLOCKS = YES;
				GCC_WARN_64_TO_32_BIT_CONVERSION = YES;
				GCC_WARN_ABOUT_RETURN_TYPE = YES_ERROR;
				GCC_WARN_UNDECLARED_SELECTOR = YES;
				GCC_WARN_UNINITIALIZED_AUTOS = YES_AGGRESSIVE;
				GCC_WARN_UNUSED_FUNCTION = YES;
				GCC_WARN_UNUSED_VARIABLE = YES;
				IPHONEOS_DEPLOYMENT_TARGET = 16.4;
				MTL_ENABLE_DEBUG_INFO = NO;
				MTL_FAST_MATH = YES;
				SDKROOT = iphoneos;
				SWIFT_COMPILATION_MODE = wholemodule;
				SWIFT_OPTIMIZATION_LEVEL = "-O";
				VALIDATE_PRODUCT = YES;
			};
			name = Release;
		};
		572DC2402A51BF2500C0D6E1 /* Debug */ = {
			isa = XCBuildConfiguration;
			buildSettings = {
				ASSETCATALOG_COMPILER_APPICON_NAME = AppIcon;
				ASSETCATALOG_COMPILER_GLOBAL_ACCENT_COLOR_NAME = AccentColor;
				CODE_SIGN_STYLE = Automatic;
				CURRENT_PROJECT_VERSION = 1;
				DEVELOPMENT_TEAM = 7WSFP8ZQ32;
				GENERATE_INFOPLIST_FILE = YES;
				INFOPLIST_FILE = RF/Info.plist;
				INFOPLIST_KEY_NSPhotoLibraryAddUsageDescription = "사진에 접근을 허용하시겠습니까?";
				INFOPLIST_KEY_UIApplicationSupportsIndirectInputEvents = YES;
				INFOPLIST_KEY_UILaunchStoryboardName = LaunchScreen;
				INFOPLIST_KEY_UIMainStoryboardFile = "";
				INFOPLIST_KEY_UISupportedInterfaceOrientations = UIInterfaceOrientationPortrait;
				LD_RUNPATH_SEARCH_PATHS = (
					"$(inherited)",
					"@executable_path/Frameworks",
				);
				MARKETING_VERSION = 1.0;
				PRODUCT_BUNDLE_IDENTIFIER = com.project.umc.4th.RF.gyfolders;
				PRODUCT_NAME = "$(TARGET_NAME)";
				SWIFT_EMIT_LOC_STRINGS = YES;
				SWIFT_VERSION = 5.0;
				TARGETED_DEVICE_FAMILY = "1,2";
			};
			name = Debug;
		};
		572DC2412A51BF2500C0D6E1 /* Release */ = {
			isa = XCBuildConfiguration;
			buildSettings = {
				ASSETCATALOG_COMPILER_APPICON_NAME = AppIcon;
				ASSETCATALOG_COMPILER_GLOBAL_ACCENT_COLOR_NAME = AccentColor;
				CODE_SIGN_STYLE = Automatic;
				CURRENT_PROJECT_VERSION = 1;
				DEVELOPMENT_TEAM = 7WSFP8ZQ32;
				GENERATE_INFOPLIST_FILE = YES;
				INFOPLIST_FILE = RF/Info.plist;
				INFOPLIST_KEY_NSPhotoLibraryAddUsageDescription = "사진에 접근을 허용하시겠습니까?";
				INFOPLIST_KEY_UIApplicationSupportsIndirectInputEvents = YES;
				INFOPLIST_KEY_UILaunchStoryboardName = LaunchScreen;
				INFOPLIST_KEY_UIMainStoryboardFile = "";
				INFOPLIST_KEY_UISupportedInterfaceOrientations = UIInterfaceOrientationPortrait;
				LD_RUNPATH_SEARCH_PATHS = (
					"$(inherited)",
					"@executable_path/Frameworks",
				);
				MARKETING_VERSION = 1.0;
				PRODUCT_BUNDLE_IDENTIFIER = com.project.umc.4th.RF.gyfolders;
				PRODUCT_NAME = "$(TARGET_NAME)";
				SWIFT_EMIT_LOC_STRINGS = YES;
				SWIFT_VERSION = 5.0;
				TARGETED_DEVICE_FAMILY = "1,2";
			};
			name = Release;
		};
/* End XCBuildConfiguration section */

/* Begin XCConfigurationList section */
		572DC2262A51BF2400C0D6E1 /* Build configuration list for PBXProject "RF" */ = {
			isa = XCConfigurationList;
			buildConfigurations = (
				572DC23D2A51BF2500C0D6E1 /* Debug */,
				572DC23E2A51BF2500C0D6E1 /* Release */,
			);
			defaultConfigurationIsVisible = 0;
			defaultConfigurationName = Release;
		};
		572DC23F2A51BF2500C0D6E1 /* Build configuration list for PBXNativeTarget "RF" */ = {
			isa = XCConfigurationList;
			buildConfigurations = (
				572DC2402A51BF2500C0D6E1 /* Debug */,
				572DC2412A51BF2500C0D6E1 /* Release */,
			);
			defaultConfigurationIsVisible = 0;
			defaultConfigurationName = Release;
		};
/* End XCConfigurationList section */

/* Begin XCRemoteSwiftPackageReference section */
		3B57FFC52A73CB9E007DB482 /* XCRemoteSwiftPackageReference "Mantis" */ = {
			isa = XCRemoteSwiftPackageReference;
			repositoryURL = "https://github.com/guoyingtao/Mantis.git";
			requirement = {
				kind = upToNextMajorVersion;
				minimumVersion = 1.0.0;
			};
		};
		3BB408A52A6AA5D900FBA617 /* XCRemoteSwiftPackageReference "FSCalendar" */ = {
			isa = XCRemoteSwiftPackageReference;
			repositoryURL = "https://github.com/WenchaoD/FSCalendar.git";
			requirement = {
				kind = upToNextMajorVersion;
				minimumVersion = 2.0.0;
			};
		};
		3BC35CE12A5C3C3200D73163 /* XCRemoteSwiftPackageReference "Tabman" */ = {
			isa = XCRemoteSwiftPackageReference;
			repositoryURL = "https://github.com/uias/Tabman.git";
			requirement = {
				kind = upToNextMajorVersion;
				minimumVersion = 3.0.0;
			};
		};
		572DC2442A51C40F00C0D6E1 /* XCRemoteSwiftPackageReference "SnapKit" */ = {
			isa = XCRemoteSwiftPackageReference;
			repositoryURL = "https://github.com/SnapKit/SnapKit";
			requirement = {
				kind = upToNextMajorVersion;
				minimumVersion = 5.0.0;
			};
		};
		572DC2472A51C42A00C0D6E1 /* XCRemoteSwiftPackageReference "Alamofire" */ = {
			isa = XCRemoteSwiftPackageReference;
			repositoryURL = "https://github.com/Alamofire/Alamofire.git";
			requirement = {
				kind = upToNextMajorVersion;
				minimumVersion = 5.0.0;
			};
		};
		572DC24A2A51C4FB00C0D6E1 /* XCRemoteSwiftPackageReference "RxSwift" */ = {
			isa = XCRemoteSwiftPackageReference;
			repositoryURL = "https://github.com/ReactiveX/RxSwift.git";
			requirement = {
				kind = upToNextMajorVersion;
				minimumVersion = 6.6.0;
			};
		};
/* End XCRemoteSwiftPackageReference section */

/* Begin XCSwiftPackageProductDependency section */
		3B57FFC62A73CB9E007DB482 /* Mantis */ = {
			isa = XCSwiftPackageProductDependency;
			package = 3B57FFC52A73CB9E007DB482 /* XCRemoteSwiftPackageReference "Mantis" */;
			productName = Mantis;
		};
		3BB408A62A6AA5D900FBA617 /* FSCalendar */ = {
			isa = XCSwiftPackageProductDependency;
			package = 3BB408A52A6AA5D900FBA617 /* XCRemoteSwiftPackageReference "FSCalendar" */;
			productName = FSCalendar;
		};
		3BC35CE22A5C3C3200D73163 /* Tabman */ = {
			isa = XCSwiftPackageProductDependency;
			package = 3BC35CE12A5C3C3200D73163 /* XCRemoteSwiftPackageReference "Tabman" */;
			productName = Tabman;
		};
		572DC2452A51C40F00C0D6E1 /* SnapKit */ = {
			isa = XCSwiftPackageProductDependency;
			package = 572DC2442A51C40F00C0D6E1 /* XCRemoteSwiftPackageReference "SnapKit" */;
			productName = SnapKit;
		};
		572DC2482A51C42A00C0D6E1 /* Alamofire */ = {
			isa = XCSwiftPackageProductDependency;
			package = 572DC2472A51C42A00C0D6E1 /* XCRemoteSwiftPackageReference "Alamofire" */;
			productName = Alamofire;
		};
		572DC24B2A51C4FB00C0D6E1 /* RxCocoa */ = {
			isa = XCSwiftPackageProductDependency;
			package = 572DC24A2A51C4FB00C0D6E1 /* XCRemoteSwiftPackageReference "RxSwift" */;
			productName = RxCocoa;
		};
		572DC24D2A51C4FB00C0D6E1 /* RxSwift */ = {
			isa = XCSwiftPackageProductDependency;
			package = 572DC24A2A51C4FB00C0D6E1 /* XCRemoteSwiftPackageReference "RxSwift" */;
			productName = RxSwift;
		};
/* End XCSwiftPackageProductDependency section */
	};
	rootObject = 572DC2232A51BF2400C0D6E1 /* Project object */;
}
