// !$*UTF8*$!
{
	archiveVersion = 1;
	classes = {
	};
	objectVersion = 56;
	objects = {

/* Begin PBXBuildFile section */
		3B181D1A2A56DCDF00B62DEB /* MeetingViewController.swift in Sources */ = {isa = PBXBuildFile; fileRef = 3B181D192A56DCDF00B62DEB /* MeetingViewController.swift */; };
		3B181D1E2A56E99300B62DEB /* MakeFriendUIView.swift in Sources */ = {isa = PBXBuildFile; fileRef = 3B181D1D2A56E99300B62DEB /* MakeFriendUIView.swift */; };
		3B181D202A56EADB00B62DEB /* MakeFreindUIButton.swift in Sources */ = {isa = PBXBuildFile; fileRef = 3B181D1F2A56EADB00B62DEB /* MakeFreindUIButton.swift */; };
		3B935D542A56D45C00FECE3A /* PasswordTextField.swift in Sources */ = {isa = PBXBuildFile; fileRef = 3B935D532A56D45C00FECE3A /* PasswordTextField.swift */; };
		3B935D562A56D4AA00FECE3A /* UICheckBox.swift in Sources */ = {isa = PBXBuildFile; fileRef = 3B935D552A56D4AA00FECE3A /* UICheckBox.swift */; };
		3B935D582A56F00200FECE3A /* SignUpViewController.swift in Sources */ = {isa = PBXBuildFile; fileRef = 3B935D572A56F00200FECE3A /* SignUpViewController.swift */; };
		572DC22F2A51BF2400C0D6E1 /* AppDelegate.swift in Sources */ = {isa = PBXBuildFile; fileRef = 572DC22E2A51BF2400C0D6E1 /* AppDelegate.swift */; };
		572DC2312A51BF2400C0D6E1 /* SceneDelegate.swift in Sources */ = {isa = PBXBuildFile; fileRef = 572DC2302A51BF2400C0D6E1 /* SceneDelegate.swift */; };
		572DC2332A51BF2400C0D6E1 /* SignInViewController.swift in Sources */ = {isa = PBXBuildFile; fileRef = 572DC2322A51BF2400C0D6E1 /* SignInViewController.swift */; };
		572DC2382A51BF2500C0D6E1 /* Assets.xcassets in Resources */ = {isa = PBXBuildFile; fileRef = 572DC2372A51BF2500C0D6E1 /* Assets.xcassets */; };
		572DC23B2A51BF2500C0D6E1 /* LaunchScreen.storyboard in Resources */ = {isa = PBXBuildFile; fileRef = 572DC2392A51BF2500C0D6E1 /* LaunchScreen.storyboard */; };
		572DC2462A51C40F00C0D6E1 /* SnapKit in Frameworks */ = {isa = PBXBuildFile; productRef = 572DC2452A51C40F00C0D6E1 /* SnapKit */; };
		572DC2492A51C42A00C0D6E1 /* Alamofire in Frameworks */ = {isa = PBXBuildFile; productRef = 572DC2482A51C42A00C0D6E1 /* Alamofire */; };
		572DC24C2A51C4FB00C0D6E1 /* RxCocoa in Frameworks */ = {isa = PBXBuildFile; productRef = 572DC24B2A51C4FB00C0D6E1 /* RxCocoa */; };
		572DC24E2A51C4FB00C0D6E1 /* RxSwift in Frameworks */ = {isa = PBXBuildFile; productRef = 572DC24D2A51C4FB00C0D6E1 /* RxSwift */; };
		572DC2502A51C5F300C0D6E1 /* TabBarController.swift in Sources */ = {isa = PBXBuildFile; fileRef = 572DC24F2A51C5F300C0D6E1 /* TabBarController.swift */; };
		572DC2532A51C64400C0D6E1 /* HomeViewController.swift in Sources */ = {isa = PBXBuildFile; fileRef = 572DC2522A51C64400C0D6E1 /* HomeViewController.swift */; };
		572DC2562A51C9BD00C0D6E1 /* SetNicknameViewController.swift in Sources */ = {isa = PBXBuildFile; fileRef = 572DC2552A51C9BD00C0D6E1 /* SetNicknameViewController.swift */; };
		575032942A596DDE0060D629 /* ClickedButton.swift in Sources */ = {isa = PBXBuildFile; fileRef = 575032932A596DDE0060D629 /* ClickedButton.swift */; };
		57673ED42A5579E000A13D07 /* BannerCollectionViewCell.swift in Sources */ = {isa = PBXBuildFile; fileRef = 57673ED32A5579E000A13D07 /* BannerCollectionViewCell.swift */; };
		57673ED62A55B7E600A13D07 /* FriendListCollectionViewCell.swift in Sources */ = {isa = PBXBuildFile; fileRef = 57673ED52A55B7E600A13D07 /* FriendListCollectionViewCell.swift */; };
		57673EDC2A56E9D200A13D07 /* Interest.swift in Sources */ = {isa = PBXBuildFile; fileRef = 57673EDB2A56E9D200A13D07 /* Interest.swift */; };
		57673EDE2A56EBE100A13D07 /* InterestCollectionViewCell.swift in Sources */ = {isa = PBXBuildFile; fileRef = 57673EDD2A56EBE100A13D07 /* InterestCollectionViewCell.swift */; };
		57673EE02A57A87000A13D07 /* MoreFriendCollectionViewCell.swift in Sources */ = {isa = PBXBuildFile; fileRef = 57673EDF2A57A87000A13D07 /* MoreFriendCollectionViewCell.swift */; };
		57673EE22A58314100A13D07 /* MeetingCollectionViewCell.swift in Sources */ = {isa = PBXBuildFile; fileRef = 57673EE12A58314100A13D07 /* MeetingCollectionViewCell.swift */; };
		57673EE42A58360B00A13D07 /* TagCollectionViewCell.swift in Sources */ = {isa = PBXBuildFile; fileRef = 57673EE32A58360B00A13D07 /* TagCollectionViewCell.swift */; };
/* End PBXBuildFile section */

/* Begin PBXFileReference section */
		3B181D192A56DCDF00B62DEB /* MeetingViewController.swift */ = {isa = PBXFileReference; lastKnownFileType = sourcecode.swift; path = MeetingViewController.swift; sourceTree = "<group>"; };
		3B181D1D2A56E99300B62DEB /* MakeFriendUIView.swift */ = {isa = PBXFileReference; lastKnownFileType = sourcecode.swift; path = MakeFriendUIView.swift; sourceTree = "<group>"; };
		3B181D1F2A56EADB00B62DEB /* MakeFreindUIButton.swift */ = {isa = PBXFileReference; lastKnownFileType = sourcecode.swift; path = MakeFreindUIButton.swift; sourceTree = "<group>"; };
		3B935D532A56D45C00FECE3A /* PasswordTextField.swift */ = {isa = PBXFileReference; lastKnownFileType = sourcecode.swift; path = PasswordTextField.swift; sourceTree = "<group>"; };
		3B935D552A56D4AA00FECE3A /* UICheckBox.swift */ = {isa = PBXFileReference; lastKnownFileType = sourcecode.swift; path = UICheckBox.swift; sourceTree = "<group>"; };
		3B935D572A56F00200FECE3A /* SignUpViewController.swift */ = {isa = PBXFileReference; lastKnownFileType = sourcecode.swift; path = SignUpViewController.swift; sourceTree = "<group>"; };
		572DC22B2A51BF2400C0D6E1 /* RF.app */ = {isa = PBXFileReference; explicitFileType = wrapper.application; includeInIndex = 0; path = RF.app; sourceTree = BUILT_PRODUCTS_DIR; };
		572DC22E2A51BF2400C0D6E1 /* AppDelegate.swift */ = {isa = PBXFileReference; lastKnownFileType = sourcecode.swift; path = AppDelegate.swift; sourceTree = "<group>"; };
		572DC2302A51BF2400C0D6E1 /* SceneDelegate.swift */ = {isa = PBXFileReference; lastKnownFileType = sourcecode.swift; path = SceneDelegate.swift; sourceTree = "<group>"; };
		572DC2322A51BF2400C0D6E1 /* SignInViewController.swift */ = {isa = PBXFileReference; lastKnownFileType = sourcecode.swift; path = SignInViewController.swift; sourceTree = "<group>"; };
		572DC2372A51BF2500C0D6E1 /* Assets.xcassets */ = {isa = PBXFileReference; lastKnownFileType = folder.assetcatalog; path = Assets.xcassets; sourceTree = "<group>"; };
		572DC23A2A51BF2500C0D6E1 /* Base */ = {isa = PBXFileReference; lastKnownFileType = file.storyboard; name = Base; path = Base.lproj/LaunchScreen.storyboard; sourceTree = "<group>"; };
		572DC23C2A51BF2500C0D6E1 /* Info.plist */ = {isa = PBXFileReference; lastKnownFileType = text.plist.xml; path = Info.plist; sourceTree = "<group>"; };
		572DC24F2A51C5F300C0D6E1 /* TabBarController.swift */ = {isa = PBXFileReference; lastKnownFileType = sourcecode.swift; path = TabBarController.swift; sourceTree = "<group>"; };
		572DC2522A51C64400C0D6E1 /* HomeViewController.swift */ = {isa = PBXFileReference; lastKnownFileType = sourcecode.swift; path = HomeViewController.swift; sourceTree = "<group>"; };
		572DC2552A51C9BD00C0D6E1 /* SetNicknameViewController.swift */ = {isa = PBXFileReference; lastKnownFileType = sourcecode.swift; path = SetNicknameViewController.swift; sourceTree = "<group>"; };
		575032932A596DDE0060D629 /* ClickedButton.swift */ = {isa = PBXFileReference; lastKnownFileType = sourcecode.swift; path = ClickedButton.swift; sourceTree = "<group>"; };
		57673ED32A5579E000A13D07 /* BannerCollectionViewCell.swift */ = {isa = PBXFileReference; lastKnownFileType = sourcecode.swift; path = BannerCollectionViewCell.swift; sourceTree = "<group>"; };
		57673ED52A55B7E600A13D07 /* FriendListCollectionViewCell.swift */ = {isa = PBXFileReference; lastKnownFileType = sourcecode.swift; path = FriendListCollectionViewCell.swift; sourceTree = "<group>"; };
		57673EDB2A56E9D200A13D07 /* Interest.swift */ = {isa = PBXFileReference; lastKnownFileType = sourcecode.swift; path = Interest.swift; sourceTree = "<group>"; };
		57673EDD2A56EBE100A13D07 /* InterestCollectionViewCell.swift */ = {isa = PBXFileReference; lastKnownFileType = sourcecode.swift; path = InterestCollectionViewCell.swift; sourceTree = "<group>"; };
		57673EDF2A57A87000A13D07 /* MoreFriendCollectionViewCell.swift */ = {isa = PBXFileReference; lastKnownFileType = sourcecode.swift; path = MoreFriendCollectionViewCell.swift; sourceTree = "<group>"; };
		57673EE12A58314100A13D07 /* MeetingCollectionViewCell.swift */ = {isa = PBXFileReference; lastKnownFileType = sourcecode.swift; path = MeetingCollectionViewCell.swift; sourceTree = "<group>"; };
		57673EE32A58360B00A13D07 /* TagCollectionViewCell.swift */ = {isa = PBXFileReference; lastKnownFileType = sourcecode.swift; path = TagCollectionViewCell.swift; sourceTree = "<group>"; };
/* End PBXFileReference section */

/* Begin PBXFrameworksBuildPhase section */
		572DC2282A51BF2400C0D6E1 /* Frameworks */ = {
			isa = PBXFrameworksBuildPhase;
			buildActionMask = 2147483647;
			files = (
				572DC24C2A51C4FB00C0D6E1 /* RxCocoa in Frameworks */,
				572DC2462A51C40F00C0D6E1 /* SnapKit in Frameworks */,
				572DC24E2A51C4FB00C0D6E1 /* RxSwift in Frameworks */,
				572DC2492A51C42A00C0D6E1 /* Alamofire in Frameworks */,
			);
			runOnlyForDeploymentPostprocessing = 0;
		};
/* End PBXFrameworksBuildPhase section */

/* Begin PBXGroup section */
		3B181D182A56DCC100B62DEB /* Meeting */ = {
			isa = PBXGroup;
			children = (
				3B181D192A56DCDF00B62DEB /* MeetingViewController.swift */,
				3B181D1D2A56E99300B62DEB /* MakeFriendUIView.swift */,
				3B181D1F2A56EADB00B62DEB /* MakeFreindUIButton.swift */,
			);
			path = Meeting;
			sourceTree = "<group>";
		};
		572DC2222A51BF2400C0D6E1 = {
			isa = PBXGroup;
			children = (
				572DC22D2A51BF2400C0D6E1 /* RF */,
				572DC22C2A51BF2400C0D6E1 /* Products */,
			);
			sourceTree = "<group>";
		};
		572DC22C2A51BF2400C0D6E1 /* Products */ = {
			isa = PBXGroup;
			children = (
				572DC22B2A51BF2400C0D6E1 /* RF.app */,
			);
			name = Products;
			sourceTree = "<group>";
		};
		572DC22D2A51BF2400C0D6E1 /* RF */ = {
			isa = PBXGroup;
			children = (
				572DC2432A51C36C00C0D6E1 /* App */,
				57673EDA2A56E9B000A13D07 /* Constants */,
				575032912A596DB30060D629 /* Protocols */,
				572DC2422A51C23C00C0D6E1 /* Views */,
				572DC2372A51BF2500C0D6E1 /* Assets.xcassets */,
				572DC2392A51BF2500C0D6E1 /* LaunchScreen.storyboard */,
				572DC23C2A51BF2500C0D6E1 /* Info.plist */,
			);
			path = RF;
			sourceTree = "<group>";
		};
		572DC2422A51C23C00C0D6E1 /* Views */ = {
			isa = PBXGroup;
			children = (
				572DC24F2A51C5F300C0D6E1 /* TabBarController.swift */,
				572DC2572A51CA3400C0D6E1 /* SignIn */,
				572DC2542A51C97900C0D6E1 /* SignUp */,
				572DC2512A51C62E00C0D6E1 /* Home */,
				3B181D182A56DCC100B62DEB /* Meeting */,
			);
			path = Views;
			sourceTree = "<group>";
		};
		572DC2432A51C36C00C0D6E1 /* App */ = {
			isa = PBXGroup;
			children = (
				572DC22E2A51BF2400C0D6E1 /* AppDelegate.swift */,
				572DC2302A51BF2400C0D6E1 /* SceneDelegate.swift */,
			);
			path = App;
			sourceTree = "<group>";
		};
		572DC2512A51C62E00C0D6E1 /* Home */ = {
			isa = PBXGroup;
			children = (
				57673ED72A56DF6500A13D07 /* Cell */,
				572DC2522A51C64400C0D6E1 /* HomeViewController.swift */,
			);
			path = Home;
			sourceTree = "<group>";
		};
		572DC2542A51C97900C0D6E1 /* SignUp */ = {
			isa = PBXGroup;
			children = (
				572DC2552A51C9BD00C0D6E1 /* SetNicknameViewController.swift */,
				3B935D572A56F00200FECE3A /* SignUpViewController.swift */,
			);
			path = SignUp;
			sourceTree = "<group>";
		};
		572DC2572A51CA3400C0D6E1 /* SignIn */ = {
			isa = PBXGroup;
			children = (
				572DC2322A51BF2400C0D6E1 /* SignInViewController.swift */,
				3B935D532A56D45C00FECE3A /* PasswordTextField.swift */,
				3B935D552A56D4AA00FECE3A /* UICheckBox.swift */,
			);
			path = SignIn;
			sourceTree = "<group>";
		};
		575032912A596DB30060D629 /* Protocols */ = {
			isa = PBXGroup;
			children = (
				575032922A596DC70060D629 /* Meeting */,
			);
			path = Protocols;
			sourceTree = "<group>";
		};
		575032922A596DC70060D629 /* Meeting */ = {
			isa = PBXGroup;
			children = (
				575032932A596DDE0060D629 /* ClickedButton.swift */,
			);
			path = Meeting;
			sourceTree = "<group>";
		};
		57673ED72A56DF6500A13D07 /* Cell */ = {
			isa = PBXGroup;
			children = (
				57673ED32A5579E000A13D07 /* BannerCollectionViewCell.swift */,
				57673ED52A55B7E600A13D07 /* FriendListCollectionViewCell.swift */,
				57673EDF2A57A87000A13D07 /* MoreFriendCollectionViewCell.swift */,
				57673EE12A58314100A13D07 /* MeetingCollectionViewCell.swift */,
				57673EE32A58360B00A13D07 /* TagCollectionViewCell.swift */,
				57673EDD2A56EBE100A13D07 /* InterestCollectionViewCell.swift */,
			);
			path = Cell;
			sourceTree = "<group>";
		};
		57673EDA2A56E9B000A13D07 /* Constants */ = {
			isa = PBXGroup;
			children = (
				57673EDB2A56E9D200A13D07 /* Interest.swift */,
			);
			path = Constants;
			sourceTree = "<group>";
		};
/* End PBXGroup section */

/* Begin PBXNativeTarget section */
		572DC22A2A51BF2400C0D6E1 /* RF */ = {
			isa = PBXNativeTarget;
			buildConfigurationList = 572DC23F2A51BF2500C0D6E1 /* Build configuration list for PBXNativeTarget "RF" */;
			buildPhases = (
				572DC2272A51BF2400C0D6E1 /* Sources */,
				572DC2282A51BF2400C0D6E1 /* Frameworks */,
				572DC2292A51BF2400C0D6E1 /* Resources */,
			);
			buildRules = (
			);
			dependencies = (
			);
			name = RF;
			packageProductDependencies = (
				572DC2452A51C40F00C0D6E1 /* SnapKit */,
				572DC2482A51C42A00C0D6E1 /* Alamofire */,
				572DC24B2A51C4FB00C0D6E1 /* RxCocoa */,
				572DC24D2A51C4FB00C0D6E1 /* RxSwift */,
			);
			productName = RF;
			productReference = 572DC22B2A51BF2400C0D6E1 /* RF.app */;
			productType = "com.apple.product-type.application";
		};
/* End PBXNativeTarget section */

/* Begin PBXProject section */
		572DC2232A51BF2400C0D6E1 /* Project object */ = {
			isa = PBXProject;
			attributes = {
				BuildIndependentTargetsInParallel = 1;
				LastSwiftUpdateCheck = 1430;
				LastUpgradeCheck = 1430;
				TargetAttributes = {
					572DC22A2A51BF2400C0D6E1 = {
						CreatedOnToolsVersion = 14.3.1;
					};
				};
			};
			buildConfigurationList = 572DC2262A51BF2400C0D6E1 /* Build configuration list for PBXProject "RF" */;
			compatibilityVersion = "Xcode 14.0";
			developmentRegion = en;
			hasScannedForEncodings = 0;
			knownRegions = (
				en,
				Base,
			);
			mainGroup = 572DC2222A51BF2400C0D6E1;
			packageReferences = (
				572DC2442A51C40F00C0D6E1 /* XCRemoteSwiftPackageReference "SnapKit" */,
				572DC2472A51C42A00C0D6E1 /* XCRemoteSwiftPackageReference "Alamofire" */,
				572DC24A2A51C4FB00C0D6E1 /* XCRemoteSwiftPackageReference "RxSwift" */,
			);
			productRefGroup = 572DC22C2A51BF2400C0D6E1 /* Products */;
			projectDirPath = "";
			projectRoot = "";
			targets = (
				572DC22A2A51BF2400C0D6E1 /* RF */,
			);
		};
/* End PBXProject section */

/* Begin PBXResourcesBuildPhase section */
		572DC2292A51BF2400C0D6E1 /* Resources */ = {
			isa = PBXResourcesBuildPhase;
			buildActionMask = 2147483647;
			files = (
				572DC23B2A51BF2500C0D6E1 /* LaunchScreen.storyboard in Resources */,
				572DC2382A51BF2500C0D6E1 /* Assets.xcassets in Resources */,
			);
			runOnlyForDeploymentPostprocessing = 0;
		};
/* End PBXResourcesBuildPhase section */

/* Begin PBXSourcesBuildPhase section */
		572DC2272A51BF2400C0D6E1 /* Sources */ = {
			isa = PBXSourcesBuildPhase;
			buildActionMask = 2147483647;
			files = (
				57673EDE2A56EBE100A13D07 /* InterestCollectionViewCell.swift in Sources */,
				575032942A596DDE0060D629 /* ClickedButton.swift in Sources */,
				57673ED62A55B7E600A13D07 /* FriendListCollectionViewCell.swift in Sources */,
				3B935D562A56D4AA00FECE3A /* UICheckBox.swift in Sources */,
				57673EE22A58314100A13D07 /* MeetingCollectionViewCell.swift in Sources */,
				57673EE02A57A87000A13D07 /* MoreFriendCollectionViewCell.swift in Sources */,
				572DC2532A51C64400C0D6E1 /* HomeViewController.swift in Sources */,
				572DC2332A51BF2400C0D6E1 /* SignInViewController.swift in Sources */,
				3B181D1A2A56DCDF00B62DEB /* MeetingViewController.swift in Sources */,
				572DC2502A51C5F300C0D6E1 /* TabBarController.swift in Sources */,
				57673ED42A5579E000A13D07 /* BannerCollectionViewCell.swift in Sources */,
				57673EE42A58360B00A13D07 /* TagCollectionViewCell.swift in Sources */,
				572DC2562A51C9BD00C0D6E1 /* SetNicknameViewController.swift in Sources */,
				3B181D1E2A56E99300B62DEB /* MakeFriendUIView.swift in Sources */,
				3B181D202A56EADB00B62DEB /* MakeFreindUIButton.swift in Sources */,
				572DC22F2A51BF2400C0D6E1 /* AppDelegate.swift in Sources */,
				57673EDC2A56E9D200A13D07 /* Interest.swift in Sources */,
				3B935D582A56F00200FECE3A /* SignUpViewController.swift in Sources */,
				572DC2312A51BF2400C0D6E1 /* SceneDelegate.swift in Sources */,
				3B935D542A56D45C00FECE3A /* PasswordTextField.swift in Sources */,
			);
			runOnlyForDeploymentPostprocessing = 0;
		};
/* End PBXSourcesBuildPhase section */

/* Begin PBXVariantGroup section */
		572DC2392A51BF2500C0D6E1 /* LaunchScreen.storyboard */ = {
			isa = PBXVariantGroup;
			children = (
				572DC23A2A51BF2500C0D6E1 /* Base */,
			);
			name = LaunchScreen.storyboard;
			sourceTree = "<group>";
		};
/* End PBXVariantGroup section */

/* Begin XCBuildConfiguration section */
		572DC23D2A51BF2500C0D6E1 /* Debug */ = {
			isa = XCBuildConfiguration;
			buildSettings = {
				ALWAYS_SEARCH_USER_PATHS = NO;
				CLANG_ANALYZER_NONNULL = YES;
				CLANG_ANALYZER_NUMBER_OBJECT_CONVERSION = YES_AGGRESSIVE;
				CLANG_CXX_LANGUAGE_STANDARD = "gnu++20";
				CLANG_ENABLE_MODULES = YES;
				CLANG_ENABLE_OBJC_ARC = YES;
				CLANG_ENABLE_OBJC_WEAK = YES;
				CLANG_WARN_BLOCK_CAPTURE_AUTORELEASING = YES;
				CLANG_WARN_BOOL_CONVERSION = YES;
				CLANG_WARN_COMMA = YES;
				CLANG_WARN_CONSTANT_CONVERSION = YES;
				CLANG_WARN_DEPRECATED_OBJC_IMPLEMENTATIONS = YES;
				CLANG_WARN_DIRECT_OBJC_ISA_USAGE = YES_ERROR;
				CLANG_WARN_DOCUMENTATION_COMMENTS = YES;
				CLANG_WARN_EMPTY_BODY = YES;
				CLANG_WARN_ENUM_CONVERSION = YES;
				CLANG_WARN_INFINITE_RECURSION = YES;
				CLANG_WARN_INT_CONVERSION = YES;
				CLANG_WARN_NON_LITERAL_NULL_CONVERSION = YES;
				CLANG_WARN_OBJC_IMPLICIT_RETAIN_SELF = YES;
				CLANG_WARN_OBJC_LITERAL_CONVERSION = YES;
				CLANG_WARN_OBJC_ROOT_CLASS = YES_ERROR;
				CLANG_WARN_QUOTED_INCLUDE_IN_FRAMEWORK_HEADER = YES;
				CLANG_WARN_RANGE_LOOP_ANALYSIS = YES;
				CLANG_WARN_STRICT_PROTOTYPES = YES;
				CLANG_WARN_SUSPICIOUS_MOVE = YES;
				CLANG_WARN_UNGUARDED_AVAILABILITY = YES_AGGRESSIVE;
				CLANG_WARN_UNREACHABLE_CODE = YES;
				CLANG_WARN__DUPLICATE_METHOD_MATCH = YES;
				COPY_PHASE_STRIP = NO;
				DEBUG_INFORMATION_FORMAT = dwarf;
				ENABLE_STRICT_OBJC_MSGSEND = YES;
				ENABLE_TESTABILITY = YES;
				GCC_C_LANGUAGE_STANDARD = gnu11;
				GCC_DYNAMIC_NO_PIC = NO;
				GCC_NO_COMMON_BLOCKS = YES;
				GCC_OPTIMIZATION_LEVEL = 0;
				GCC_PREPROCESSOR_DEFINITIONS = (
					"DEBUG=1",
					"$(inherited)",
				);
				GCC_WARN_64_TO_32_BIT_CONVERSION = YES;
				GCC_WARN_ABOUT_RETURN_TYPE = YES_ERROR;
				GCC_WARN_UNDECLARED_SELECTOR = YES;
				GCC_WARN_UNINITIALIZED_AUTOS = YES_AGGRESSIVE;
				GCC_WARN_UNUSED_FUNCTION = YES;
				GCC_WARN_UNUSED_VARIABLE = YES;
				IPHONEOS_DEPLOYMENT_TARGET = 16.4;
				MTL_ENABLE_DEBUG_INFO = INCLUDE_SOURCE;
				MTL_FAST_MATH = YES;
				ONLY_ACTIVE_ARCH = YES;
				SDKROOT = iphoneos;
				SWIFT_ACTIVE_COMPILATION_CONDITIONS = DEBUG;
				SWIFT_OPTIMIZATION_LEVEL = "-Onone";
			};
			name = Debug;
		};
		572DC23E2A51BF2500C0D6E1 /* Release */ = {
			isa = XCBuildConfiguration;
			buildSettings = {
				ALWAYS_SEARCH_USER_PATHS = NO;
				CLANG_ANALYZER_NONNULL = YES;
				CLANG_ANALYZER_NUMBER_OBJECT_CONVERSION = YES_AGGRESSIVE;
				CLANG_CXX_LANGUAGE_STANDARD = "gnu++20";
				CLANG_ENABLE_MODULES = YES;
				CLANG_ENABLE_OBJC_ARC = YES;
				CLANG_ENABLE_OBJC_WEAK = YES;
				CLANG_WARN_BLOCK_CAPTURE_AUTORELEASING = YES;
				CLANG_WARN_BOOL_CONVERSION = YES;
				CLANG_WARN_COMMA = YES;
				CLANG_WARN_CONSTANT_CONVERSION = YES;
				CLANG_WARN_DEPRECATED_OBJC_IMPLEMENTATIONS = YES;
				CLANG_WARN_DIRECT_OBJC_ISA_USAGE = YES_ERROR;
				CLANG_WARN_DOCUMENTATION_COMMENTS = YES;
				CLANG_WARN_EMPTY_BODY = YES;
				CLANG_WARN_ENUM_CONVERSION = YES;
				CLANG_WARN_INFINITE_RECURSION = YES;
				CLANG_WARN_INT_CONVERSION = YES;
				CLANG_WARN_NON_LITERAL_NULL_CONVERSION = YES;
				CLANG_WARN_OBJC_IMPLICIT_RETAIN_SELF = YES;
				CLANG_WARN_OBJC_LITERAL_CONVERSION = YES;
				CLANG_WARN_OBJC_ROOT_CLASS = YES_ERROR;
				CLANG_WARN_QUOTED_INCLUDE_IN_FRAMEWORK_HEADER = YES;
				CLANG_WARN_RANGE_LOOP_ANALYSIS = YES;
				CLANG_WARN_STRICT_PROTOTYPES = YES;
				CLANG_WARN_SUSPICIOUS_MOVE = YES;
				CLANG_WARN_UNGUARDED_AVAILABILITY = YES_AGGRESSIVE;
				CLANG_WARN_UNREACHABLE_CODE = YES;
				CLANG_WARN__DUPLICATE_METHOD_MATCH = YES;
				COPY_PHASE_STRIP = NO;
				DEBUG_INFORMATION_FORMAT = "dwarf-with-dsym";
				ENABLE_NS_ASSERTIONS = NO;
				ENABLE_STRICT_OBJC_MSGSEND = YES;
				GCC_C_LANGUAGE_STANDARD = gnu11;
				GCC_NO_COMMON_BLOCKS = YES;
				GCC_WARN_64_TO_32_BIT_CONVERSION = YES;
				GCC_WARN_ABOUT_RETURN_TYPE = YES_ERROR;
				GCC_WARN_UNDECLARED_SELECTOR = YES;
				GCC_WARN_UNINITIALIZED_AUTOS = YES_AGGRESSIVE;
				GCC_WARN_UNUSED_FUNCTION = YES;
				GCC_WARN_UNUSED_VARIABLE = YES;
				IPHONEOS_DEPLOYMENT_TARGET = 16.4;
				MTL_ENABLE_DEBUG_INFO = NO;
				MTL_FAST_MATH = YES;
				SDKROOT = iphoneos;
				SWIFT_COMPILATION_MODE = wholemodule;
				SWIFT_OPTIMIZATION_LEVEL = "-O";
				VALIDATE_PRODUCT = YES;
			};
			name = Release;
		};
		572DC2402A51BF2500C0D6E1 /* Debug */ = {
			isa = XCBuildConfiguration;
			buildSettings = {
				ASSETCATALOG_COMPILER_APPICON_NAME = AppIcon;
				ASSETCATALOG_COMPILER_GLOBAL_ACCENT_COLOR_NAME = AccentColor;
				CODE_SIGN_STYLE = Automatic;
				CURRENT_PROJECT_VERSION = 1;
				DEVELOPMENT_TEAM = 7WSFP8ZQ32;
				GENERATE_INFOPLIST_FILE = YES;
				INFOPLIST_FILE = RF/Info.plist;
				INFOPLIST_KEY_UIApplicationSupportsIndirectInputEvents = YES;
				INFOPLIST_KEY_UILaunchStoryboardName = LaunchScreen;
				INFOPLIST_KEY_UIMainStoryboardFile = "";
				INFOPLIST_KEY_UISupportedInterfaceOrientations = UIInterfaceOrientationPortrait;
				LD_RUNPATH_SEARCH_PATHS = (
					"$(inherited)",
					"@executable_path/Frameworks",
				);
				MARKETING_VERSION = 1.0;
				PRODUCT_BUNDLE_IDENTIFIER = com.project.umc.4th.RF.gyfolders;
				PRODUCT_NAME = "$(TARGET_NAME)";
				SWIFT_EMIT_LOC_STRINGS = YES;
				SWIFT_VERSION = 5.0;
				TARGETED_DEVICE_FAMILY = "1,2";
			};
			name = Debug;
		};
		572DC2412A51BF2500C0D6E1 /* Release */ = {
			isa = XCBuildConfiguration;
			buildSettings = {
				ASSETCATALOG_COMPILER_APPICON_NAME = AppIcon;
				ASSETCATALOG_COMPILER_GLOBAL_ACCENT_COLOR_NAME = AccentColor;
				CODE_SIGN_STYLE = Automatic;
				CURRENT_PROJECT_VERSION = 1;
				DEVELOPMENT_TEAM = 7WSFP8ZQ32;
				GENERATE_INFOPLIST_FILE = YES;
				INFOPLIST_FILE = RF/Info.plist;
				INFOPLIST_KEY_UIApplicationSupportsIndirectInputEvents = YES;
				INFOPLIST_KEY_UILaunchStoryboardName = LaunchScreen;
				INFOPLIST_KEY_UIMainStoryboardFile = "";
				INFOPLIST_KEY_UISupportedInterfaceOrientations = UIInterfaceOrientationPortrait;
				LD_RUNPATH_SEARCH_PATHS = (
					"$(inherited)",
					"@executable_path/Frameworks",
				);
				MARKETING_VERSION = 1.0;
				PRODUCT_BUNDLE_IDENTIFIER = com.project.umc.4th.RF.gyfolders;
				PRODUCT_NAME = "$(TARGET_NAME)";
				SWIFT_EMIT_LOC_STRINGS = YES;
				SWIFT_VERSION = 5.0;
				TARGETED_DEVICE_FAMILY = "1,2";
			};
			name = Release;
		};
/* End XCBuildConfiguration section */

/* Begin XCConfigurationList section */
		572DC2262A51BF2400C0D6E1 /* Build configuration list for PBXProject "RF" */ = {
			isa = XCConfigurationList;
			buildConfigurations = (
				572DC23D2A51BF2500C0D6E1 /* Debug */,
				572DC23E2A51BF2500C0D6E1 /* Release */,
			);
			defaultConfigurationIsVisible = 0;
			defaultConfigurationName = Release;
		};
		572DC23F2A51BF2500C0D6E1 /* Build configuration list for PBXNativeTarget "RF" */ = {
			isa = XCConfigurationList;
			buildConfigurations = (
				572DC2402A51BF2500C0D6E1 /* Debug */,
				572DC2412A51BF2500C0D6E1 /* Release */,
			);
			defaultConfigurationIsVisible = 0;
			defaultConfigurationName = Release;
		};
/* End XCConfigurationList section */

/* Begin XCRemoteSwiftPackageReference section */
		572DC2442A51C40F00C0D6E1 /* XCRemoteSwiftPackageReference "SnapKit" */ = {
			isa = XCRemoteSwiftPackageReference;
			repositoryURL = "https://github.com/SnapKit/SnapKit";
			requirement = {
				kind = upToNextMajorVersion;
				minimumVersion = 5.0.0;
			};
		};
		572DC2472A51C42A00C0D6E1 /* XCRemoteSwiftPackageReference "Alamofire" */ = {
			isa = XCRemoteSwiftPackageReference;
			repositoryURL = "https://github.com/Alamofire/Alamofire.git";
			requirement = {
				kind = upToNextMajorVersion;
				minimumVersion = 5.0.0;
			};
		};
		572DC24A2A51C4FB00C0D6E1 /* XCRemoteSwiftPackageReference "RxSwift" */ = {
			isa = XCRemoteSwiftPackageReference;
			repositoryURL = "https://github.com/ReactiveX/RxSwift.git";
			requirement = {
				kind = upToNextMajorVersion;
				minimumVersion = 6.6.0;
			};
		};
/* End XCRemoteSwiftPackageReference section */

/* Begin XCSwiftPackageProductDependency section */
		572DC2452A51C40F00C0D6E1 /* SnapKit */ = {
			isa = XCSwiftPackageProductDependency;
			package = 572DC2442A51C40F00C0D6E1 /* XCRemoteSwiftPackageReference "SnapKit" */;
			productName = SnapKit;
		};
		572DC2482A51C42A00C0D6E1 /* Alamofire */ = {
			isa = XCSwiftPackageProductDependency;
			package = 572DC2472A51C42A00C0D6E1 /* XCRemoteSwiftPackageReference "Alamofire" */;
			productName = Alamofire;
		};
		572DC24B2A51C4FB00C0D6E1 /* RxCocoa */ = {
			isa = XCSwiftPackageProductDependency;
			package = 572DC24A2A51C4FB00C0D6E1 /* XCRemoteSwiftPackageReference "RxSwift" */;
			productName = RxCocoa;
		};
		572DC24D2A51C4FB00C0D6E1 /* RxSwift */ = {
			isa = XCSwiftPackageProductDependency;
			package = 572DC24A2A51C4FB00C0D6E1 /* XCRemoteSwiftPackageReference "RxSwift" */;
			productName = RxSwift;
		};
/* End XCSwiftPackageProductDependency section */
	};
	rootObject = 572DC2232A51BF2400C0D6E1 /* Project object */;
}
